---
lockfileVersion: 1
lockfileVendor: redhat
arches:
- arch: aarch64
  packages:
  - url: https://console.redhat.com/api/pulp-content/public-hummingbird/aarch64/Packages/b/bash-5.3.15-1.hum1.aarch64.rpm
    repoid: public-hummingbird-x86_64-rpms
    size: 1943795
    checksum: sha256:16e55f7dc34dff8bedbe91306347e1b12d88e1a18ade94d6913280c790b1cc20
    name: bash
    evr: 5.3.15-1.hum1
    sourcerpm: bash-5.3.15-1.hum1.src.rpm
  - url: https://console.redhat.com/api/pulp-content/public-hummingbird/aarch64/Packages/b/binutils-2.45.1-5.2.hum1.aarch64.rpm
    repoid: public-hummingbird-x86_64-rpms
    size: 6607977
    checksum: sha256:66d0e5edd83dbedce65cb61995c729eb5cb66dc33bad5ad651e31db5238ecea7
    name: binutils
    evr: 2.45.1-5.2.hum1
    sourcerpm: binutils-2.45.1-5.2.hum1.src.rpm
  - url: https://console.redhat.com/api/pulp-content/public-hummingbird/aarch64/Packages/c/cargo-1.96.1-1.hum1.aarch64.rpm
    repoid: public-hummingbird-x86_64-rpms
    size: 7725017
    checksum: sha256:14ea60d6b85636f2d3fcf2814d53d951f68e1486f39fa493a3f5e89192235a59
    name: cargo
    evr: 1.96.1-1.hum1
    sourcerpm: rust-1.96.1-1.hum1.src.rpm
  - url: https://console.redhat.com/api/pulp-content/public-hummingbird/aarch64/Packages/c/coreutils-9.11-4.hum1.aarch64.rpm
    repoid: public-hummingbird-x86_64-rpms
    size: 1343329
    checksum: sha256:784240acc11458cde3012c40ad52cfa7b17e11771d8498c032a25963978c16cf
    name: coreutils
    evr: 9.11-4.hum1
    sourcerpm: coreutils-9.11-4.hum1.src.rpm
  - url: https://console.redhat.com/api/pulp-content/public-hummingbird/aarch64/Packages/c/coreutils-common-9.11-4.hum1.aarch64.rpm
    repoid: public-hummingbird-x86_64-rpms
    size: 2305217
    checksum: sha256:d9e733d5931ccf6add5fb508bf6974ecf02255667ef033f69371553b72b8eec5
    name: coreutils-common
    evr: 9.11-4.hum1
    sourcerpm: coreutils-9.11-4.hum1.src.rpm
  - url: https://console.redhat.com/api/pulp-content/public-hummingbird/aarch64/Packages/c/cpp-15.2.1-7.2.hum1.aarch64.rpm
    repoid: public-hummingbird-x86_64-rpms
    size: 12335964
    checksum: sha256:9178999ee2e1f83ce18b7c1ec2e9b92fc18bf835bd04a010ac8367d880715ecc
    name: cpp
    evr: 15.2.1-7.2.hum1
    sourcerpm: gcc-15.2.1-7.2.hum1.src.rpm
  - url: https://console.redhat.com/api/pulp-content/public-hummingbird/aarch64/Packages/c/cyrus-sasl-lib-2.1.28-36.hum1.aarch64.rpm
    repoid: public-hummingbird-x86_64-rpms
    size: 801722
    checksum: sha256:7437a2e62a2688a95ae6b539247f671f2407e6dbd5cd16d27797c118d5cd7017
    name: cyrus-sasl-lib
    evr: 2.1.28-36.hum1
    sourcerpm: cyrus-sasl-2.1.28-36.hum1.src.rpm
  - url: https://console.redhat.com/api/pulp-content/public-hummingbird/aarch64/Packages/e/elfutils-debuginfod-client-0.195-2.hum1.aarch64.rpm
    repoid: public-hummingbird-x86_64-rpms
    size: 53517
    checksum: sha256:30951620b7f8fe9e0c85a3f5ab1764633b8561c18797517c4c2957c285522bb7
    name: elfutils-debuginfod-client
    evr: 0.195-2.hum1
    sourcerpm: elfutils-0.195-2.hum1.src.rpm
  - url: https://console.redhat.com/api/pulp-content/public-hummingbird/aarch64/Packages/e/elfutils-libelf-0.195-2.hum1.aarch64.rpm
    repoid: public-hummingbird-x86_64-rpms
    size: 218602
    checksum: sha256:cc23abb0a607d255d97236d759dd2d915359533a6e896a7a442427f14633aa30
    name: elfutils-libelf
    evr: 0.195-2.hum1
    sourcerpm: elfutils-0.195-2.hum1.src.rpm
  - url: https://console.redhat.com/api/pulp-content/public-hummingbird/aarch64/Packages/e/elfutils-libs-0.195-2.hum1.aarch64.rpm
    repoid: public-hummingbird-x86_64-rpms
    size: 279433
    checksum: sha256:c37a6f370c0c475b1ce2f08a9ba3faf984bce90f300fbd82cf307746ea03ef12
    name: elfutils-libs
    evr: 0.195-2.hum1
    sourcerpm: elfutils-0.195-2.hum1.src.rpm
  - url: https://console.redhat.com/api/pulp-content/public-hummingbird/aarch64/Packages/g/gcc-15.2.1-7.2.hum1.aarch64.rpm
    repoid: public-hummingbird-x86_64-rpms
    size: 38080642
    checksum: sha256:dc9e719fe42d8f7946a9daf54e2744a5c5ea1859d68942c423937e0a4c40aa16
    name: gcc
    evr: 15.2.1-7.2.hum1
    sourcerpm: gcc-15.2.1-7.2.hum1.src.rpm
  - url: https://console.redhat.com/api/pulp-content/public-hummingbird/aarch64/Packages/g/gcc-c++-15.2.1-7.2.hum1.aarch64.rpm
    repoid: public-hummingbird-x86_64-rpms
    size: 14744558
    checksum: sha256:20e931ee3c7500842e7b89dd791576160398ea8deb01f7d3ec189317770641a9
    name: gcc-c++
    evr: 15.2.1-7.2.hum1
    sourcerpm: gcc-15.2.1-7.2.hum1.src.rpm
  - url: https://console.redhat.com/api/pulp-content/public-hummingbird/aarch64/Packages/g/glibc-devel-2.42-14.hum1.aarch64.rpm
    repoid: public-hummingbird-x86_64-rpms
    size: 618035
    checksum: sha256:36b1a7263a980a85c2c442a13caa15d72e9193974c286e6f8aa28c648b402d5e
    name: glibc-devel
    evr: 2.42-14.hum1
    sourcerpm: glibc-2.42-14.hum1.src.rpm
  - url: https://console.redhat.com/api/pulp-content/public-hummingbird/aarch64/Packages/g/gmp-6.3.0-5.1.hum1.aarch64.rpm
    repoid: public-hummingbird-x86_64-rpms
    size: 284684
    checksum: sha256:1ee035bcd18be24d33c673b1fc5fa82c804eb80bb701fe673d606f3ee355623e
    name: gmp
    evr: 1:6.3.0-5.1.hum1
    sourcerpm: gmp-6.3.0-5.1.hum1.src.rpm
  - url: https://console.redhat.com/api/pulp-content/public-hummingbird/aarch64/Packages/g/gnulib-l10n-20241231-3.hum1.noarch.rpm
    repoid: public-hummingbird-x86_64-rpms
    size: 159925
    checksum: sha256:693730aa85d5f46408ba9750f0b7831ce2757c614a9ac037779ece286071b56b
    name: gnulib-l10n
    evr: 20241231-3.hum1
    sourcerpm: gnulib-l10n-20241231-3.hum1.src.rpm
  - url: https://console.redhat.com/api/pulp-content/public-hummingbird/aarch64/Packages/j/jansson-2.14-4.1.hum1.aarch64.rpm
    repoid: public-hummingbird-x86_64-rpms
    size: 54177
    checksum: sha256:70aa1a5393e9bd63cffdb5da5d14850551ccc421750df228295e4eb76878e31c
    name: jansson
    evr: 2.14-4.1.hum1
    sourcerpm: jansson-2.14-4.1.hum1.src.rpm
  - url: https://console.redhat.com/api/pulp-content/public-hummingbird/aarch64/Packages/j/json-c-0.18-8.1.hum1.aarch64.rpm
    repoid: public-hummingbird-x86_64-rpms
    size: 51264
    checksum: sha256:5af78fdc71c6c88b6de01af664fbde36e522f1d4a6fa9710f02e7ab520c12ae3
    name: json-c
    evr: 0.18-8.1.hum1
    sourcerpm: json-c-0.18-8.1.hum1.src.rpm
  - url: https://console.redhat.com/api/pulp-content/public-hummingbird/aarch64/Packages/k/kernel-headers-7.1.0-55.hum1.aarch64.rpm
    repoid: public-hummingbird-x86_64-rpms
    size: 1864248
    checksum: sha256:a5a65e94ad1b879c28ce31ac33698f7bdf45200e04e8b1540a9f9ca8cdb83792
    name: kernel-headers
    evr: 7.1.0-55.hum1
    sourcerpm: kernel-headers-7.1.0-55.hum1.src.rpm
  - url: https://console.redhat.com/api/pulp-content/public-hummingbird/aarch64/Packages/l/libasan-15.2.1-7.2.hum1.aarch64.rpm
    repoid: public-hummingbird-x86_64-rpms
    size: 524457
    checksum: sha256:3a21482e9712f4e11bc5bf31ebfc35c8c7668cf338c6315830f2d9ef94f9d32a
    name: libasan
    evr: 15.2.1-7.2.hum1
    sourcerpm: gcc-15.2.1-7.2.hum1.src.rpm
  - url: https://console.redhat.com/api/pulp-content/public-hummingbird/aarch64/Packages/l/libatomic-15.2.1-7.2.hum1.aarch64.rpm
    repoid: public-hummingbird-x86_64-rpms
    size: 56153
    checksum: sha256:cc6b4e8abee915e8642d80a1b37f3c93b8637fa632c9ae11f445073cdbc8cee5
    name: libatomic
    evr: 15.2.1-7.2.hum1
    sourcerpm: gcc-15.2.1-7.2.hum1.src.rpm
  - url: https://console.redhat.com/api/pulp-content/public-hummingbird/aarch64/Packages/l/libbrotli-1.2.0-4.hum1.aarch64.rpm
    repoid: public-hummingbird-x86_64-rpms
    size: 365605
    checksum: sha256:e2772c1749525698a002a6709603ca7353f138ee11325e9fd3694ddbec8ec228
    name: libbrotli
    evr: 1.2.0-4.hum1
    sourcerpm: brotli-1.2.0-4.hum1.src.rpm
  - url: https://console.redhat.com/api/pulp-content/public-hummingbird/aarch64/Packages/l/libcbor-0.14.0-2.hum1.aarch64.rpm
    repoid: public-hummingbird-x86_64-rpms
    size: 41712
    checksum: sha256:708d03c2e19af56d148dad2d5a71c8eadb4122705b12cf9564c06445f8d02ffd
    name: libcbor
    evr: 0.14.0-2.hum1
    sourcerpm: libcbor-0.14.0-2.hum1.src.rpm
  - url: https://console.redhat.com/api/pulp-content/public-hummingbird/aarch64/Packages/l/libcurl-8.21.0-0.1.hum1.aarch64.rpm
    repoid: public-hummingbird-x86_64-rpms
    size: 463444
    checksum: sha256:ffb5c7b6bbfc66db0fc07699a3a8f69259648e073bcfc96680627fa2917c7300
    name: libcurl
    evr: 8.21.0-0.1.hum1
    sourcerpm: curl-8.21.0-0.1.hum1.src.rpm
  - url: https://console.redhat.com/api/pulp-content/public-hummingbird/aarch64/Packages/l/libedit-3.1-59.20260512cvs.hum1.aarch64.rpm
    repoid: public-hummingbird-x86_64-rpms
    size: 113722
    checksum: sha256:4d61761c3e69e937818a0f9f67b4fd8be446f9381aacecbcd4cab0915cf3171a
    name: libedit
    evr: 3.1-59.20260512cvs.hum1
    sourcerpm: libedit-3.1-59.20260512cvs.hum1.src.rpm
  - url: https://console.redhat.com/api/pulp-content/public-hummingbird/aarch64/Packages/l/libevent-2.1.12-18.hum1.aarch64.rpm
    repoid: public-hummingbird-x86_64-rpms
    size: 267728
    checksum: sha256:2881320b0c98366c101691915242b0d812fc3bb5c24bab97bed99967aeacd80d
    name: libevent
    evr: 2.1.12-18.hum1
    sourcerpm: libevent-2.1.12-18.hum1.src.rpm
  - url: https://console.redhat.com/api/pulp-content/public-hummingbird/aarch64/Packages/l/libffi-devel-3.5.2-2.1.hum1.aarch64.rpm
    repoid: public-hummingbird-x86_64-rpms
    size: 36309
    checksum: sha256:c864a864013222dff4954a051076609e1e93973a2bd4a613a2d724b2e705255c
    name: libffi-devel
    evr: 3.5.2-2.1.hum1
    sourcerpm: libffi-3.5.2-2.1.hum1.src.rpm
  - url: https://console.redhat.com/api/pulp-content/public-hummingbird/aarch64/Packages/l/libfido2-1.17.0-3.hum1.aarch64.rpm
    repoid: public-hummingbird-x86_64-rpms
    size: 107811
    checksum: sha256:b087ca1a7301f642e39b7691e3bace49eaee49483e816f9132bf56c2753229e3
    name: libfido2
    evr: 1.17.0-3.hum1
    sourcerpm: libfido2-1.17.0-3.hum1.src.rpm
  - url: https://console.redhat.com/api/pulp-content/public-hummingbird/aarch64/Packages/l/libgit2-1.9.4-2.hum1.aarch64.rpm
    repoid: public-hummingbird-x86_64-rpms
    size: 577279
    checksum: sha256:1df9576ccf92ad75f0debdbf160225ea9d23444479445232bc3b62c33e28f078
    name: libgit2
    evr: 1.9.4-2.hum1
    sourcerpm: libgit2-1.9.4-2.hum1.src.rpm
  - url: https://console.redhat.com/api/pulp-content/public-hummingbird/aarch64/Packages/l/libidn2-2.3.8-3.1.hum1.aarch64.rpm
    repoid: public-hummingbird-x86_64-rpms
    size: 185245
    checksum: sha256:d70866577ca06601760c1c1bd2bb312e7f9b38ed5043010cda36a4cc3388a5fd
    name: libidn2
    evr: 2.3.8-3.1.hum1
    sourcerpm: libidn2-2.3.8-3.1.hum1.src.rpm
  - url: https://console.redhat.com/api/pulp-content/public-hummingbird/aarch64/Packages/l/libmpc-1.4.1-1.hum1.aarch64.rpm
    repoid: public-hummingbird-x86_64-rpms
    size: 82266
    checksum: sha256:61bc09cb22d330f4f869f0770509fb15208ed1b13c4826b40686343e63c9f9be
    name: libmpc
    evr: 1.4.1-1.hum1
    sourcerpm: libmpc-1.4.1-1.hum1.src.rpm
  - url: https://console.redhat.com/api/pulp-content/public-hummingbird/aarch64/Packages/l/libnghttp2-1.69.0-3.1.hum1.aarch64.rpm
    repoid: public-hummingbird-x86_64-rpms
    size: 80406
    checksum: sha256:01d272cedbbaa7e7f55d3f9cd938af45a3f16a4124a740ac001fbea613966bfa
    name: libnghttp2
    evr: 1.69.0-3.1.hum1
    sourcerpm: nghttp2-1.69.0-3.1.hum1.src.rpm
  - url: https://console.redhat.com/api/pulp-content/public-hummingbird/aarch64/Packages/l/libnghttp3-1.17.0-1.hum1.aarch64.rpm
    repoid: public-hummingbird-x86_64-rpms
    size: 77030
    checksum: sha256:e7f51d00897e649f48402242056ab85a7c92351868277a27d35cd5376504d2f3
    name: libnghttp3
    evr: 1.17.0-1.hum1
    sourcerpm: nghttp3-1.17.0-1.hum1.src.rpm
  - url: https://console.redhat.com/api/pulp-content/public-hummingbird/aarch64/Packages/l/libpkgconf-2.5.1-1.1.hum1.aarch64.rpm
    repoid: public-hummingbird-x86_64-rpms
    size: 47929
    checksum: sha256:2967c331229ff0fa0edf147dae62c7c97881b6bdf4c0810f488489fe1d7a4fc3
    name: libpkgconf
    evr: 2.5.1-1.1.hum1
    sourcerpm: pkgconf-2.5.1-1.1.hum1.src.rpm
  - url: https://console.redhat.com/api/pulp-content/public-hummingbird/aarch64/Packages/l/libpsl-0.22.0-1.hum1.aarch64.rpm
    repoid: public-hummingbird-x86_64-rpms
    size: 74205
    checksum: sha256:590828a864b52c40e892b739458748486a87695b95dc8400eda8adec353a39af
    name: libpsl
    evr: 0.22.0-1.hum1
    sourcerpm: libpsl-0.22.0-1.hum1.src.rpm
  - url: https://console.redhat.com/api/pulp-content/public-hummingbird/aarch64/Packages/l/libssh-0.12.0-3.hum1.aarch64.rpm
    repoid: public-hummingbird-x86_64-rpms
    size: 283772
    checksum: sha256:770b415f89e2d5bed237de1bc65faece1eaa0029a65293db1573f804bacaf4d3
    name: libssh
    evr: 0.12.0-3.hum1
    sourcerpm: libssh-0.12.0-3.hum1.src.rpm
  - url: https://console.redhat.com/api/pulp-content/public-hummingbird/aarch64/Packages/l/libssh-config-0.12.0-3.hum1.noarch.rpm
    repoid: public-hummingbird-x86_64-rpms
    size: 13771
    checksum: sha256:169793d88c9f17aa04eb381c14cce5e891e6dd6398d28afba1782ef38c21c409
    name: libssh-config
    evr: 0.12.0-3.hum1
    sourcerpm: libssh-0.12.0-3.hum1.src.rpm
  - url: https://console.redhat.com/api/pulp-content/public-hummingbird/aarch64/Packages/l/libssh2-1.11.1-9.hum1.aarch64.rpm
    repoid: public-hummingbird-x86_64-rpms
    size: 147847
    checksum: sha256:3c6e8758209538753cf6bcf38964977345f60cedf347e7d0e3561fc485b853c2
    name: libssh2
    evr: 1.11.1-9.hum1
    sourcerpm: libssh2-1.11.1-9.hum1.src.rpm
  - url: https://console.redhat.com/api/pulp-content/public-hummingbird/aarch64/Packages/l/libstdc++-15.2.1-7.2.hum1.aarch64.rpm
    repoid: public-hummingbird-x86_64-rpms
    size: 886065
    checksum: sha256:b7a09fdd04c14ee8a4c21b34ce5d5f951aad810e814849357de2220c7e71a117
    name: libstdc++
    evr: 15.2.1-7.2.hum1
    sourcerpm: gcc-15.2.1-7.2.hum1.src.rpm
  - url: https://console.redhat.com/api/pulp-content/public-hummingbird/aarch64/Packages/l/libstdc++-devel-15.2.1-7.2.hum1.aarch64.rpm
    repoid: public-hummingbird-x86_64-rpms
    size: 5501406
    checksum: sha256:b3147e91ee8a09bc46a922e98b41a7ec9c358263957d17f737ec90c8c2cb714e
    name: libstdc++-devel
    evr: 15.2.1-7.2.hum1
    sourcerpm: gcc-15.2.1-7.2.hum1.src.rpm
  - url: https://console.redhat.com/api/pulp-content/public-hummingbird/aarch64/Packages/l/libtool-ltdl-2.5.4-9.1.hum1.aarch64.rpm
    repoid: public-hummingbird-x86_64-rpms
    size: 42756
    checksum: sha256:8395ba09e5ce41cf5c6a8f6c7eadef55948ac7abe84311b708e7e80bac1a1325
    name: libtool-ltdl
    evr: 2.5.4-9.1.hum1
    sourcerpm: libtool-2.5.4-9.1.hum1.src.rpm
  - url: https://console.redhat.com/api/pulp-content/public-hummingbird/aarch64/Packages/l/libubsan-15.2.1-7.2.hum1.aarch64.rpm
    repoid: public-hummingbird-x86_64-rpms
    size: 239994
    checksum: sha256:f8fd5bae0cb87dfd3872caaa090c14666dc4555a0dd9fe8e36df5ff319cff9dd
    name: libubsan
    evr: 15.2.1-7.2.hum1
    sourcerpm: gcc-15.2.1-7.2.hum1.src.rpm
  - url: https://console.redhat.com/api/pulp-content/public-hummingbird/aarch64/Packages/l/libunistring-1.1-11.1.hum1.aarch64.rpm
    repoid: public-hummingbird-x86_64-rpms
    size: 557274
    checksum: sha256:e87e713634444c88526eee72633db3577ed714b5e6a8a67e8d63b8451f786c8b
    name: libunistring
    evr: 1.1-11.1.hum1
    sourcerpm: libunistring-1.1-11.1.hum1.src.rpm
  - url: https://console.redhat.com/api/pulp-content/public-hummingbird/aarch64/Packages/l/libxcrypt-devel-4.5.2-3.1.hum1.aarch64.rpm
    repoid: public-hummingbird-x86_64-rpms
    size: 38498
    checksum: sha256:bdee00474d56d4fd3a81497ab38b602f765f538ea15566e22f1fa33ba386a3e8
    name: libxcrypt-devel
    evr: 4.5.2-3.1.hum1
    sourcerpm: libxcrypt-4.5.2-3.1.hum1.src.rpm
  - url: https://console.redhat.com/api/pulp-content/public-hummingbird/aarch64/Packages/l/libxml2-16-2.15.3-0.1.1.hum1.aarch64.rpm
    repoid: public-hummingbird-x86_64-rpms
    size: 542358
    checksum: sha256:4e1ab203422567151d572dd6f761dc8de3eea7512468e4509fc5eb965ed35bb1
    name: libxml2-16
    evr: 2.15.3-0.1.1.hum1
    sourcerpm: libxml2-2.15.3-0.1.1.hum1.src.rpm
  - url: https://console.redhat.com/api/pulp-content/public-hummingbird/aarch64/Packages/l/libzstd-1.5.7-5.1.hum1.aarch64.rpm
    repoid: public-hummingbird-x86_64-rpms
    size: 346468
    checksum: sha256:1aef0ad285974e9a29f8dc78e9c654dd7f7ec565b3f3fed26e17a5bec565f6f8
    name: libzstd
    evr: 1.5.7-5.1.hum1
    sourcerpm: zstd-1.5.7-5.1.hum1.src.rpm
  - url: https://console.redhat.com/api/pulp-content/public-hummingbird/aarch64/Packages/l/llhttp-9.4.2-1.hum1.aarch64.rpm
    repoid: public-hummingbird-x86_64-rpms
    size: 43658
    checksum: sha256:d81baae853f01bdf618e24cc7d273ebee0ea0656488be0ad066334a73671b276
    name: llhttp
    evr: 9.4.2-1.hum1
    sourcerpm: llhttp-9.4.2-1.hum1.src.rpm
  - url: https://console.redhat.com/api/pulp-content/public-hummingbird/aarch64/Packages/l/llvm-filesystem-21.1.8-1.1.hum1.aarch64.rpm
    repoid: public-hummingbird-x86_64-rpms
    size: 13725
    checksum: sha256:46b6a541afdfeda1ff4bf2c781492672348d96cc9d94381d76f94d4808fca989
    name: llvm-filesystem
    evr: 21.1.8-1.1.hum1
    sourcerpm: llvm-21.1.8-1.1.hum1.src.rpm
  - url: https://console.redhat.com/api/pulp-content/public-hummingbird/aarch64/Packages/l/llvm-libs-21.1.8-1.1.hum1.aarch64.rpm
    repoid: public-hummingbird-x86_64-rpms
    size: 34926039
    checksum: sha256:23d9227a26b8e489e9ba17dc9dcc69b5ce1afcd39313e4c0be7c92fb6f278888
    name: llvm-libs
    evr: 21.1.8-1.1.hum1
    sourcerpm: llvm-21.1.8-1.1.hum1.src.rpm
  - url: https://console.redhat.com/api/pulp-content/public-hummingbird/aarch64/Packages/m/make-4.4.1-12.1.hum1.aarch64.rpm
    repoid: public-hummingbird-x86_64-rpms
    size: 604896
    checksum: sha256:e19cd70e5ce7abe65ff959dabc0804fe9ddc53fdd38f7e534d2f0433c006bab3
    name: make
    evr: 1:4.4.1-12.1.hum1
    sourcerpm: make-4.4.1-12.1.hum1.src.rpm
  - url: https://console.redhat.com/api/pulp-content/public-hummingbird/aarch64/Packages/m/mpfr-4.2.2-3.1.hum1.aarch64.rpm
    repoid: public-hummingbird-x86_64-rpms
    size: 336703
    checksum: sha256:96de5d014e082f5d38cb03e6a5174ae27333c0916df4b15e69bbfc2e819b4448
    name: mpfr
    evr: 4.2.2-3.1.hum1
    sourcerpm: mpfr-4.2.2-3.1.hum1.src.rpm
  - url: https://console.redhat.com/api/pulp-content/public-hummingbird/aarch64/Packages/n/ngtcp2-1.22.1-2.hum1.aarch64.rpm
    repoid: public-hummingbird-x86_64-rpms
    size: 153370
    checksum: sha256:ee332e933d4e5cc75e2873c535da784cdd097ca8e9a83567cf0bba1a4132bc6e
    name: ngtcp2
    evr: 1.22.1-2.hum1
    sourcerpm: ngtcp2-1.22.1-2.hum1.src.rpm
  - url: https://console.redhat.com/api/pulp-content/public-hummingbird/aarch64/Packages/n/ngtcp2-crypto-ossl-1.22.1-2.hum1.aarch64.rpm
    repoid: public-hummingbird-x86_64-rpms
    size: 31570
    checksum: sha256:d8faf68dc9d5457c3bed50661f201d5ebdd9cf739a4323e1e270b94c2e28cfc5
    name: ngtcp2-crypto-ossl
    evr: 1.22.1-2.hum1
    sourcerpm: ngtcp2-1.22.1-2.hum1.src.rpm
  - url: https://console.redhat.com/api/pulp-content/public-hummingbird/aarch64/Packages/o/openldap-2.6.13-2.hum1.aarch64.rpm
    repoid: public-hummingbird-x86_64-rpms
    size: 267534
    checksum: sha256:28260edc6451bca0c5a3405ce75e57086d82fad59e88589c67fbdbec17371cb0
    name: openldap
    evr: 2.6.13-2.hum1
    sourcerpm: openldap-2.6.13-2.hum1.src.rpm
  - url: https://console.redhat.com/api/pulp-content/public-hummingbird/aarch64/Packages/o/openssl-devel-3.5.6-0.3.hum1.aarch64.rpm
    repoid: public-hummingbird-x86_64-rpms
    size: 4510102
    checksum: sha256:769843ba991b75dacf39fdf8756743069a72729842091049f1db72ce070acaa3
    name: openssl-devel
    evr: 1:3.5.6-0.3.hum1
    sourcerpm: openssl-3.5.6-0.3.hum1.src.rpm
  - url: https://console.redhat.com/api/pulp-content/public-hummingbird/aarch64/Packages/p/pkgconf-2.5.1-1.1.hum1.aarch64.rpm
    repoid: public-hummingbird-x86_64-rpms
    size: 57070
    checksum: sha256:77da32aefe484bc68e77d1cb285fc2c4968713f1e05594139ad1fdff0986127c
    name: pkgconf
    evr: 2.5.1-1.1.hum1
    sourcerpm: pkgconf-2.5.1-1.1.hum1.src.rpm
  - url: https://console.redhat.com/api/pulp-content/public-hummingbird/aarch64/Packages/p/pkgconf-m4-2.5.1-1.1.hum1.noarch.rpm
    repoid: public-hummingbird-x86_64-rpms
    size: 20455
    checksum: sha256:1854559b0688bd81e565fbe018a4e6d81b524e4fdcba6c3eb240e6f6a75c93be
    name: pkgconf-m4
    evr: 2.5.1-1.1.hum1
    sourcerpm: pkgconf-2.5.1-1.1.hum1.src.rpm
  - url: https://console.redhat.com/api/pulp-content/public-hummingbird/aarch64/Packages/p/pkgconf-pkg-config-2.5.1-1.1.hum1.aarch64.rpm
    repoid: public-hummingbird-x86_64-rpms
    size: 16046
    checksum: sha256:940cd89b7b3ce784ffeed4e26547d8dc99ed5d3318da2e3c48d3dfdda37fc72f
    name: pkgconf-pkg-config
    evr: 2.5.1-1.1.hum1
    sourcerpm: pkgconf-2.5.1-1.1.hum1.src.rpm
  - url: https://console.redhat.com/api/pulp-content/public-hummingbird/aarch64/Packages/p/publicsuffix-list-dafsa-20260624-1.hum1.noarch.rpm
    repoid: public-hummingbird-x86_64-rpms
    size: 67792
    checksum: sha256:a3ff56c0d912884e56adb28bc3dd731971b1c554cdc1683b218c1b26a7deab31
    name: publicsuffix-list-dafsa
    evr: 20260624-1.hum1
    sourcerpm: publicsuffix-list-20260624-1.hum1.src.rpm
  - url: https://console.redhat.com/api/pulp-content/public-hummingbird/aarch64/Packages/p/python3.12-3.12.13-3.3.hum1.aarch64.rpm
    repoid: public-hummingbird-x86_64-rpms
    size: 33377
    checksum: sha256:0e1432cc514154d75ed1887670546c66cd02642497176537c7decbd073f08734
    name: python3.12
    evr: 3.12.13-3.3.hum1
    sourcerpm: python3.12-3.12.13-3.3.hum1.src.rpm
  - url: https://console.redhat.com/api/pulp-content/public-hummingbird/aarch64/Packages/p/python3.12-devel-3.12.13-3.3.hum1.aarch64.rpm
    repoid: public-hummingbird-x86_64-rpms
    size: 338232
    checksum: sha256:5f03f2769475fa3247e04bec0080f5c31ae44ede67d76014f3a3596e46288443
    name: python3.12-devel
    evr: 3.12.13-3.3.hum1
    sourcerpm: python3.12-3.12.13-3.3.hum1.src.rpm
  - url: https://console.redhat.com/api/pulp-content/public-hummingbird/aarch64/Packages/p/python3.12-libs-3.12.13-3.3.hum1.aarch64.rpm
    repoid: public-hummingbird-x86_64-rpms
    size: 9601609
    checksum: sha256:f094d3f7bf33f1305f4bea6a835cc5b6df5ac1314240f58dd11077b4403cbe6c
    name: python3.12-libs
    evr: 3.12.13-3.3.hum1
    sourcerpm: python3.12-3.12.13-3.3.hum1.src.rpm
  - url: https://console.redhat.com/api/pulp-content/public-hummingbird/aarch64/Packages/r/rust-1.96.1-1.hum1.aarch64.rpm
    repoid: public-hummingbird-x86_64-rpms
    size: 29743590
    checksum: sha256:5dd349eb2cd6258045db621494561e9c899de6fa7f542c598fbce54c70efd41a
    name: rust
    evr: 1.96.1-1.hum1
    sourcerpm: rust-1.96.1-1.hum1.src.rpm
  - url: https://console.redhat.com/api/pulp-content/public-hummingbird/aarch64/Packages/r/rust-std-static-1.96.1-1.hum1.aarch64.rpm
    repoid: public-hummingbird-x86_64-rpms
    size: 39076743
    checksum: sha256:2fb89e9e294a93ac5e602b9a8ea40e08104b18762a606bb88129e6494b2bae6a
    name: rust-std-static
    evr: 1.96.1-1.hum1
    sourcerpm: rust-1.96.1-1.hum1.src.rpm
  source: []
  module_metadata: []
- arch: x86_64
  packages:
  - url: https://console.redhat.com/api/pulp-content/public-hummingbird/x86_64/Packages/b/bash-5.3.15-1.hum1.x86_64.rpm
    repoid: public-hummingbird-x86_64-rpms
    size: 1975611
    checksum: sha256:62240951820e27244b21fbb0bfd036a555d2202900245ef60ea0b1e345308fba
    name: bash
    evr: 5.3.15-1.hum1
    sourcerpm: bash-5.3.15-1.hum1.src.rpm
  - url: https://console.redhat.com/api/pulp-content/public-hummingbird/x86_64/Packages/b/binutils-2.45.1-5.2.hum1.x86_64.rpm
    repoid: public-hummingbird-x86_64-rpms
    size: 6242596
    checksum: sha256:24a1a917ac4b0b1c700c8a24e33a6f2a847395112aa0355ad3495622da4ad5ae
    name: binutils
    evr: 2.45.1-5.2.hum1
    sourcerpm: binutils-2.45.1-5.2.hum1.src.rpm
  - url: https://console.redhat.com/api/pulp-content/public-hummingbird/x86_64/Packages/c/cargo-1.96.1-1.hum1.x86_64.rpm
    repoid: public-hummingbird-x86_64-rpms
    size: 8330352
    checksum: sha256:b90b3c876bc4f1bb978c9c1d106d48f1864dcea84cfa6c840bd3cacb3186567a
    name: cargo
    evr: 1.96.1-1.hum1
    sourcerpm: rust-1.96.1-1.hum1.src.rpm
  - url: https://console.redhat.com/api/pulp-content/public-hummingbird/x86_64/Packages/c/coreutils-9.11-4.hum1.x86_64.rpm
    repoid: public-hummingbird-x86_64-rpms
    size: 1400270
    checksum: sha256:699919dbd3667dcd95f801ef0e8ea3b5b73b1dbf1458c3df449dbb3984fa7735
    name: coreutils
    evr: 9.11-4.hum1
    sourcerpm: coreutils-9.11-4.hum1.src.rpm
  - url: https://console.redhat.com/api/pulp-content/public-hummingbird/x86_64/Packages/c/coreutils-common-9.11-4.hum1.x86_64.rpm
    repoid: public-hummingbird-x86_64-rpms
    size: 2305253
    checksum: sha256:a5941a94716f55a37cd828adcb6d1a43cca825ba0fc7cae0a62a3a2ed4da0049
    name: coreutils-common
    evr: 9.11-4.hum1
    sourcerpm: coreutils-9.11-4.hum1.src.rpm
  - url: https://console.redhat.com/api/pulp-content/public-hummingbird/x86_64/Packages/c/cpp-15.2.1-7.2.hum1.x86_64.rpm
    repoid: public-hummingbird-x86_64-rpms
    size: 13567328
    checksum: sha256:9519a33da383888a55c5243ac2e0f6777c59a7c796540bb1426ab969d6d0ece3
    name: cpp
    evr: 15.2.1-7.2.hum1
    sourcerpm: gcc-15.2.1-7.2.hum1.src.rpm
  - url: https://console.redhat.com/api/pulp-content/public-hummingbird/x86_64/Packages/c/cyrus-sasl-lib-2.1.28-36.hum1.x86_64.rpm
    repoid: public-hummingbird-x86_64-rpms
    size: 825260
    checksum: sha256:82c9e44efd4b9dc451b1e8e321bdfc58bb0a99d177b68b141dc65b7d5e550b13
    name: cyrus-sasl-lib
    evr: 2.1.28-36.hum1
    sourcerpm: cyrus-sasl-2.1.28-36.hum1.src.rpm
  - url: https://console.redhat.com/api/pulp-content/public-hummingbird/x86_64/Packages/e/elfutils-debuginfod-client-0.195-2.hum1.x86_64.rpm
    repoid: public-hummingbird-x86_64-rpms
    size: 54171
    checksum: sha256:4cf14dfef196ca58aa6226b5b77ade77de34120baa3e3b45577ae48af398c10e
    name: elfutils-debuginfod-client
    evr: 0.195-2.hum1
    sourcerpm: elfutils-0.195-2.hum1.src.rpm
  - url: https://console.redhat.com/api/pulp-content/public-hummingbird/x86_64/Packages/e/elfutils-libelf-0.195-2.hum1.x86_64.rpm
    repoid: public-hummingbird-x86_64-rpms
    size: 219499
    checksum: sha256:95f5e6ecad4a0575500e9480b4693d15d4265f0f71af10d9b32305a262a478cf
    name: elfutils-libelf
    evr: 0.195-2.hum1
    sourcerpm: elfutils-0.195-2.hum1.src.rpm
  - url: https://console.redhat.com/api/pulp-content/public-hummingbird/x86_64/Packages/e/elfutils-libs-0.195-2.hum1.x86_64.rpm
    repoid: public-hummingbird-x86_64-rpms
    size: 284469
    checksum: sha256:73dcc5a22a42582caab425106bb213eab76c96d8da1af190dfc4d794bac520dc
    name: elfutils-libs
    evr: 0.195-2.hum1
    sourcerpm: elfutils-0.195-2.hum1.src.rpm
  - url: https://console.redhat.com/api/pulp-content/public-hummingbird/x86_64/Packages/g/gcc-15.2.1-7.2.hum1.x86_64.rpm
    repoid: public-hummingbird-x86_64-rpms
    size: 41665215
    checksum: sha256:bc93f75327a66f3d2f3fe2bf31ad3a139210a73e217cdeb56d5d1bc55f262417
    name: gcc
    evr: 15.2.1-7.2.hum1
    sourcerpm: gcc-15.2.1-7.2.hum1.src.rpm
  - url: https://console.redhat.com/api/pulp-content/public-hummingbird/x86_64/Packages/g/gcc-c++-15.2.1-7.2.hum1.x86_64.rpm
    repoid: public-hummingbird-x86_64-rpms
    size: 16014579
    checksum: sha256:4c745df8583c78dc2e69364e7f5f64b74b972aa5c0741d415795cdd443652d8e
    name: gcc-c++
    evr: 15.2.1-7.2.hum1
    sourcerpm: gcc-15.2.1-7.2.hum1.src.rpm
  - url: https://console.redhat.com/api/pulp-content/public-hummingbird/x86_64/Packages/g/glibc-devel-2.42-14.hum1.x86_64.rpm
    repoid: public-hummingbird-x86_64-rpms
    size: 626331
    checksum: sha256:3f9b46f027b7e8b6760ea228f0b39be1131fd9bab670da18a5e051f51d813de8
    name: glibc-devel
    evr: 2.42-14.hum1
    sourcerpm: glibc-2.42-14.hum1.src.rpm
  - url: https://console.redhat.com/api/pulp-content/public-hummingbird/x86_64/Packages/g/gmp-6.3.0-5.1.hum1.x86_64.rpm
    repoid: public-hummingbird-x86_64-rpms
    size: 333708
    checksum: sha256:f78cf24edbf5b5621e7cac09b7cb40a5dda0355ac5c3ae5107a530e22384b9d9
    name: gmp
    evr: 1:6.3.0-5.1.hum1
    sourcerpm: gmp-6.3.0-5.1.hum1.src.rpm
  - url: https://console.redhat.com/api/pulp-content/public-hummingbird/x86_64/Packages/g/gnulib-l10n-20241231-3.hum1.noarch.rpm
    repoid: public-hummingbird-x86_64-rpms
    size: 159925
    checksum: sha256:693730aa85d5f46408ba9750f0b7831ce2757c614a9ac037779ece286071b56b
    name: gnulib-l10n
    evr: 20241231-3.hum1
    sourcerpm: gnulib-l10n-20241231-3.hum1.src.rpm
  - url: https://console.redhat.com/api/pulp-content/public-hummingbird/x86_64/Packages/j/jansson-2.14-4.1.hum1.x86_64.rpm
    repoid: public-hummingbird-x86_64-rpms
    size: 52765
    checksum: sha256:67b8c5b869bf1d35d5b7bb0da230570099168088c77a67e1c399154a7743a601
    name: jansson
    evr: 2.14-4.1.hum1
    sourcerpm: jansson-2.14-4.1.hum1.src.rpm
  - url: https://console.redhat.com/api/pulp-content/public-hummingbird/x86_64/Packages/j/json-c-0.18-8.1.hum1.x86_64.rpm
    repoid: public-hummingbird-x86_64-rpms
    size: 51206
    checksum: sha256:f4d1ce5c4d0b605a4bae42285f972f6dda9d2584f2a7f7f192c127f6f506bec5
    name: json-c
    evr: 0.18-8.1.hum1
    sourcerpm: json-c-0.18-8.1.hum1.src.rpm
  - url: https://console.redhat.com/api/pulp-content/public-hummingbird/x86_64/Packages/k/kernel-headers-7.1.0-55.hum1.x86_64.rpm
    repoid: public-hummingbird-x86_64-rpms
    size: 1901458
    checksum: sha256:b10b79c3352a6618ef6745ee5704af15c14dff20b19fcf56e07cd41c29931878
    name: kernel-headers
    evr: 7.1.0-55.hum1
    sourcerpm: kernel-headers-7.1.0-55.hum1.src.rpm
  - url: https://console.redhat.com/api/pulp-content/public-hummingbird/x86_64/Packages/l/libbrotli-1.2.0-4.hum1.x86_64.rpm
    repoid: public-hummingbird-x86_64-rpms
    size: 364391
    checksum: sha256:64839c0c23cf472204fe2761b26fc653d5ab955249085cd0ed826661bf46af58
    name: libbrotli
    evr: 1.2.0-4.hum1
    sourcerpm: brotli-1.2.0-4.hum1.src.rpm
  - url: https://console.redhat.com/api/pulp-content/public-hummingbird/x86_64/Packages/l/libcbor-0.14.0-2.hum1.x86_64.rpm
    repoid: public-hummingbird-x86_64-rpms
    size: 42326
    checksum: sha256:3d6654b055ea933add8e928268a49905dfb819ee30f60bd35f0e1cb3ed5205e2
    name: libcbor
    evr: 0.14.0-2.hum1
    sourcerpm: libcbor-0.14.0-2.hum1.src.rpm
  - url: https://console.redhat.com/api/pulp-content/public-hummingbird/x86_64/Packages/l/libcurl-8.21.0-0.1.hum1.x86_64.rpm
    repoid: public-hummingbird-x86_64-rpms
    size: 478625
    checksum: sha256:f612f1ab9f2f4f26bd728133e8d97bc196b2a24a4c7c711754e537fe0c110791
    name: libcurl
    evr: 8.21.0-0.1.hum1
    sourcerpm: curl-8.21.0-0.1.hum1.src.rpm
  - url: https://console.redhat.com/api/pulp-content/public-hummingbird/x86_64/Packages/l/libedit-3.1-59.20260512cvs.hum1.x86_64.rpm
    repoid: public-hummingbird-x86_64-rpms
    size: 114414
    checksum: sha256:1de2625e84b2a5ac6d4712f6d80a0aaf0bd65c70991bccc8e58397df8363a43d
    name: libedit
    evr: 3.1-59.20260512cvs.hum1
    sourcerpm: libedit-3.1-59.20260512cvs.hum1.src.rpm
  - url: https://console.redhat.com/api/pulp-content/public-hummingbird/x86_64/Packages/l/libevent-2.1.12-18.hum1.x86_64.rpm
    repoid: public-hummingbird-x86_64-rpms
    size: 272858
    checksum: sha256:6aa4a891d0aaefaa56b433d512a064d096ce17c48cca834d6a066738b7aa1700
    name: libevent
    evr: 2.1.12-18.hum1
    sourcerpm: libevent-2.1.12-18.hum1.src.rpm
  - url: https://console.redhat.com/api/pulp-content/public-hummingbird/x86_64/Packages/l/libffi-devel-3.5.2-2.1.hum1.x86_64.rpm
    repoid: public-hummingbird-x86_64-rpms
    size: 37287
    checksum: sha256:eb0d2658192258d88b4ced7115d4662bb380e5db06f1d88b2de160ac471f4938
    name: libffi-devel
    evr: 3.5.2-2.1.hum1
    sourcerpm: libffi-3.5.2-2.1.hum1.src.rpm
  - url: https://console.redhat.com/api/pulp-content/public-hummingbird/x86_64/Packages/l/libfido2-1.17.0-3.hum1.x86_64.rpm
    repoid: public-hummingbird-x86_64-rpms
    size: 109915
    checksum: sha256:8b4a6a466383d81343f893003d709120abb0f999cb38360f8fc2cbbcf3d17f1d
    name: libfido2
    evr: 1.17.0-3.hum1
    sourcerpm: libfido2-1.17.0-3.hum1.src.rpm
  - url: https://console.redhat.com/api/pulp-content/public-hummingbird/x86_64/Packages/l/libgit2-1.9.4-2.hum1.x86_64.rpm
    repoid: public-hummingbird-x86_64-rpms
    size: 599300
    checksum: sha256:f8e4db71196a6f4848dfe74fb82d360dd56ed6e834e8abefba0f46dcf84b1aa1
    name: libgit2
    evr: 1.9.4-2.hum1
    sourcerpm: libgit2-1.9.4-2.hum1.src.rpm
  - url: https://console.redhat.com/api/pulp-content/public-hummingbird/x86_64/Packages/l/libidn2-2.3.8-3.1.hum1.x86_64.rpm
    repoid: public-hummingbird-x86_64-rpms
    size: 185631
    checksum: sha256:5f71d6c8fa5e9518214944abc03e6b6c78d6f8bafaa336832fb92485738720de
    name: libidn2
    evr: 2.3.8-3.1.hum1
    sourcerpm: libidn2-2.3.8-3.1.hum1.src.rpm
  - url: https://console.redhat.com/api/pulp-content/public-hummingbird/x86_64/Packages/l/libmpc-1.4.1-1.hum1.x86_64.rpm
    repoid: public-hummingbird-x86_64-rpms
    size: 81975
    checksum: sha256:9479580ba7dd5379116a126162d970935599a4feb8151c55cce2a693dc9d8988
    name: libmpc
    evr: 1.4.1-1.hum1
    sourcerpm: libmpc-1.4.1-1.hum1.src.rpm
  - url: https://console.redhat.com/api/pulp-content/public-hummingbird/x86_64/Packages/l/libnghttp2-1.69.0-3.1.hum1.x86_64.rpm
    repoid: public-hummingbird-x86_64-rpms
    size: 81075
    checksum: sha256:f3c9de8a4dde80be4237406a81df849f31033c3b0afb02b3dde68603ee88e520
    name: libnghttp2
    evr: 1.69.0-3.1.hum1
    sourcerpm: nghttp2-1.69.0-3.1.hum1.src.rpm
  - url: https://console.redhat.com/api/pulp-content/public-hummingbird/x86_64/Packages/l/libnghttp3-1.17.0-1.hum1.x86_64.rpm
    repoid: public-hummingbird-x86_64-rpms
    size: 79095
    checksum: sha256:6f3cd454b8031ba38961c9494adf07351ce0af463209ab7ad9d8dba3886d8ddf
    name: libnghttp3
    evr: 1.17.0-1.hum1
    sourcerpm: nghttp3-1.17.0-1.hum1.src.rpm
  - url: https://console.redhat.com/api/pulp-content/public-hummingbird/x86_64/Packages/l/libpkgconf-2.5.1-1.1.hum1.x86_64.rpm
    repoid: public-hummingbird-x86_64-rpms
    size: 49176
    checksum: sha256:73e84da35c3a3c5ea49ec93cac37bec0363ae3d273c4ab1353061d7a6bb45f2a
    name: libpkgconf
    evr: 2.5.1-1.1.hum1
    sourcerpm: pkgconf-2.5.1-1.1.hum1.src.rpm
  - url: https://console.redhat.com/api/pulp-content/public-hummingbird/x86_64/Packages/l/libpsl-0.22.0-1.hum1.x86_64.rpm
    repoid: public-hummingbird-x86_64-rpms
    size: 74063
    checksum: sha256:9ef3c70d741c7b29945c9f77c562141a36a2302d1c55c183009105b3d94a3f71
    name: libpsl
    evr: 0.22.0-1.hum1
    sourcerpm: libpsl-0.22.0-1.hum1.src.rpm
  - url: https://console.redhat.com/api/pulp-content/public-hummingbird/x86_64/Packages/l/libssh-0.12.0-3.hum1.x86_64.rpm
    repoid: public-hummingbird-x86_64-rpms
    size: 288676
    checksum: sha256:1ceb8bc2c19be91787128fa08f92e30c456c98a47c2479250c28c906ff4e72ff
    name: libssh
    evr: 0.12.0-3.hum1
    sourcerpm: libssh-0.12.0-3.hum1.src.rpm
  - url: https://console.redhat.com/api/pulp-content/public-hummingbird/x86_64/Packages/l/libssh-config-0.12.0-3.hum1.noarch.rpm
    repoid: public-hummingbird-x86_64-rpms
    size: 13771
    checksum: sha256:169793d88c9f17aa04eb381c14cce5e891e6dd6398d28afba1782ef38c21c409
    name: libssh-config
    evr: 0.12.0-3.hum1
    sourcerpm: libssh-0.12.0-3.hum1.src.rpm
  - url: https://console.redhat.com/api/pulp-content/public-hummingbird/x86_64/Packages/l/libssh2-1.11.1-9.hum1.x86_64.rpm
    repoid: public-hummingbird-x86_64-rpms
    size: 153113
    checksum: sha256:c785deb294831a9dbc6a2a3353d2a21da2746644db3799fa917a257097d71a04
    name: libssh2
    evr: 1.11.1-9.hum1
    sourcerpm: libssh2-1.11.1-9.hum1.src.rpm
  - url: https://console.redhat.com/api/pulp-content/public-hummingbird/x86_64/Packages/l/libstdc++-15.2.1-7.2.hum1.x86_64.rpm
    repoid: public-hummingbird-x86_64-rpms
    size: 956826
    checksum: sha256:acfd6b21cb917b997ed602a24ad55f42640d18f48296f794ca8a55ce08fb73b5
    name: libstdc++
    evr: 15.2.1-7.2.hum1
    sourcerpm: gcc-15.2.1-7.2.hum1.src.rpm
  - url: https://console.redhat.com/api/pulp-content/public-hummingbird/x86_64/Packages/l/libstdc++-devel-15.2.1-7.2.hum1.x86_64.rpm
    repoid: public-hummingbird-x86_64-rpms
    size: 5627051
    checksum: sha256:ad66f99a1a7f1c0d815169ec2065c3f2e597801fdeaba26837b552d63be59972
    name: libstdc++-devel
    evr: 15.2.1-7.2.hum1
    sourcerpm: gcc-15.2.1-7.2.hum1.src.rpm
  - url: https://console.redhat.com/api/pulp-content/public-hummingbird/x86_64/Packages/l/libtool-ltdl-2.5.4-9.1.hum1.x86_64.rpm
    repoid: public-hummingbird-x86_64-rpms
    size: 43514
    checksum: sha256:9aea659e8ebd99e7f926c7523db1e4f2fd63c24860c8889c24daece0c2155c02
    name: libtool-ltdl
    evr: 2.5.4-9.1.hum1
    sourcerpm: libtool-2.5.4-9.1.hum1.src.rpm
  - url: https://console.redhat.com/api/pulp-content/public-hummingbird/x86_64/Packages/l/libunistring-1.1-11.1.hum1.x86_64.rpm
    repoid: public-hummingbird-x86_64-rpms
    size: 561485
    checksum: sha256:e55556574f7404292b71d829ef05622d400a10e9133cc7be7681297da1c509ca
    name: libunistring
    evr: 1.1-11.1.hum1
    sourcerpm: libunistring-1.1-11.1.hum1.src.rpm
  - url: https://console.redhat.com/api/pulp-content/public-hummingbird/x86_64/Packages/l/libxcrypt-devel-4.5.2-3.1.hum1.x86_64.rpm
    repoid: public-hummingbird-x86_64-rpms
    size: 38534
    checksum: sha256:3ba4293fb9f28625990fa5d879a5e331930bda2e4f17219a2267d2152bffcd88
    name: libxcrypt-devel
    evr: 4.5.2-3.1.hum1
    sourcerpm: libxcrypt-4.5.2-3.1.hum1.src.rpm
  - url: https://console.redhat.com/api/pulp-content/public-hummingbird/x86_64/Packages/l/libxml2-16-2.15.3-0.1.1.hum1.x86_64.rpm
    repoid: public-hummingbird-x86_64-rpms
    size: 556529
    checksum: sha256:100d1d45808b9bfb61303e8ba6cfd7f4244b9fe841b550731a115a96fd6b7ba0
    name: libxml2-16
    evr: 2.15.3-0.1.1.hum1
    sourcerpm: libxml2-2.15.3-0.1.1.hum1.src.rpm
  - url: https://console.redhat.com/api/pulp-content/public-hummingbird/x86_64/Packages/l/libzstd-1.5.7-5.1.hum1.x86_64.rpm
    repoid: public-hummingbird-x86_64-rpms
    size: 374245
    checksum: sha256:495da5c7295ab41e905f5f66cc991e3fc5e2154c3534b5efd2602db034b3a8aa
    name: libzstd
    evr: 1.5.7-5.1.hum1
    sourcerpm: zstd-1.5.7-5.1.hum1.src.rpm
  - url: https://console.redhat.com/api/pulp-content/public-hummingbird/x86_64/Packages/l/llhttp-9.4.2-1.hum1.x86_64.rpm
    repoid: public-hummingbird-x86_64-rpms
    size: 43593
    checksum: sha256:a66472e562311472026f1f6de7b376b30ef82057d326906ef717addd4f1796fc
    name: llhttp
    evr: 9.4.2-1.hum1
    sourcerpm: llhttp-9.4.2-1.hum1.src.rpm
  - url: https://console.redhat.com/api/pulp-content/public-hummingbird/x86_64/Packages/l/llvm-filesystem-21.1.8-1.1.hum1.x86_64.rpm
    repoid: public-hummingbird-x86_64-rpms
    size: 13757
    checksum: sha256:e36041b2aef527ab02af139608ddbdb39f3f80050e3e1d8af3952dfc92d1bc02
    name: llvm-filesystem
    evr: 21.1.8-1.1.hum1
    sourcerpm: llvm-21.1.8-1.1.hum1.src.rpm
  - url: https://console.redhat.com/api/pulp-content/public-hummingbird/x86_64/Packages/l/llvm-libs-21.1.8-1.1.hum1.x86_64.rpm
    repoid: public-hummingbird-x86_64-rpms
    size: 36578436
    checksum: sha256:458fdfa7fa8dabe7aea12a0a13819ee745808da8d594dfd5ddd43b3f13dd5260
    name: llvm-libs
    evr: 21.1.8-1.1.hum1
    sourcerpm: llvm-21.1.8-1.1.hum1.src.rpm
  - url: https://console.redhat.com/api/pulp-content/public-hummingbird/x86_64/Packages/m/make-4.4.1-12.1.hum1.x86_64.rpm
    repoid: public-hummingbird-x86_64-rpms
    size: 606028
    checksum: sha256:aebcf91c6b743f161c7dee5ea325a2666c887b3db9e087111f58963264754f13
    name: make
    evr: 1:4.4.1-12.1.hum1
    sourcerpm: make-4.4.1-12.1.hum1.src.rpm
  - url: https://console.redhat.com/api/pulp-content/public-hummingbird/x86_64/Packages/m/mpfr-4.2.2-3.1.hum1.x86_64.rpm
    repoid: public-hummingbird-x86_64-rpms
    size: 361835
    checksum: sha256:9d7af4f34301cbd324f75543787d452e573be7eefb363cacff23e8aca08fe573
    name: mpfr
    evr: 4.2.2-3.1.hum1
    sourcerpm: mpfr-4.2.2-3.1.hum1.src.rpm
  - url: https://console.redhat.com/api/pulp-content/public-hummingbird/x86_64/Packages/n/ngtcp2-1.22.1-2.hum1.x86_64.rpm
    repoid: public-hummingbird-x86_64-rpms
    size: 157842
    checksum: sha256:bfc800aba05c9dcfce3e798405a1759af4380e113b8dd02ea14185877b2104d2
    name: ngtcp2
    evr: 1.22.1-2.hum1
    sourcerpm: ngtcp2-1.22.1-2.hum1.src.rpm
  - url: https://console.redhat.com/api/pulp-content/public-hummingbird/x86_64/Packages/n/ngtcp2-crypto-ossl-1.22.1-2.hum1.x86_64.rpm
    repoid: public-hummingbird-x86_64-rpms
    size: 32627
    checksum: sha256:bd7bffe715fa5b5e93f20758af529ed514581596801adfac901df3f4f400fbe8
    name: ngtcp2-crypto-ossl
    evr: 1.22.1-2.hum1
    sourcerpm: ngtcp2-1.22.1-2.hum1.src.rpm
  - url: https://console.redhat.com/api/pulp-content/public-hummingbird/x86_64/Packages/o/openldap-2.6.13-2.hum1.x86_64.rpm
    repoid: public-hummingbird-x86_64-rpms
    size: 275790
    checksum: sha256:68e4abcbb972bde0372fecc250396155318edffa996f0f7fe0ce364907f481ba
    name: openldap
    evr: 2.6.13-2.hum1
    sourcerpm: openldap-2.6.13-2.hum1.src.rpm
  - url: https://console.redhat.com/api/pulp-content/public-hummingbird/x86_64/Packages/o/openssl-devel-3.5.6-0.3.hum1.x86_64.rpm
    repoid: public-hummingbird-x86_64-rpms
    size: 4510615
    checksum: sha256:68e710235cd40ae3255072c4bb4ada4c55a2f9ec22b1cbcfac802ecf8df7a119
    name: openssl-devel
    evr: 1:3.5.6-0.3.hum1
    sourcerpm: openssl-3.5.6-0.3.hum1.src.rpm
  - url: https://console.redhat.com/api/pulp-content/public-hummingbird/x86_64/Packages/p/pkgconf-2.5.1-1.1.hum1.x86_64.rpm
    repoid: public-hummingbird-x86_64-rpms
    size: 57343
    checksum: sha256:7844b092b3fce5b4541c60add1c007b52d0962659e0aaf290858f25aacb71954
    name: pkgconf
    evr: 2.5.1-1.1.hum1
    sourcerpm: pkgconf-2.5.1-1.1.hum1.src.rpm
  - url: https://console.redhat.com/api/pulp-content/public-hummingbird/x86_64/Packages/p/pkgconf-m4-2.5.1-1.1.hum1.noarch.rpm
    repoid: public-hummingbird-x86_64-rpms
    size: 20455
    checksum: sha256:1854559b0688bd81e565fbe018a4e6d81b524e4fdcba6c3eb240e6f6a75c93be
    name: pkgconf-m4
    evr: 2.5.1-1.1.hum1
    sourcerpm: pkgconf-2.5.1-1.1.hum1.src.rpm
  - url: https://console.redhat.com/api/pulp-content/public-hummingbird/x86_64/Packages/p/pkgconf-pkg-config-2.5.1-1.1.hum1.x86_64.rpm
    repoid: public-hummingbird-x86_64-rpms
    size: 16079
    checksum: sha256:4acd17f95e0cec690bd4b5fefddc45dbf1a29025dbec8e96e49c7cdd0d87f81b
    name: pkgconf-pkg-config
    evr: 2.5.1-1.1.hum1
    sourcerpm: pkgconf-2.5.1-1.1.hum1.src.rpm
  - url: https://console.redhat.com/api/pulp-content/public-hummingbird/x86_64/Packages/p/publicsuffix-list-dafsa-20260624-1.hum1.noarch.rpm
    repoid: public-hummingbird-x86_64-rpms
    size: 67792
    checksum: sha256:a3ff56c0d912884e56adb28bc3dd731971b1c554cdc1683b218c1b26a7deab31
    name: publicsuffix-list-dafsa
    evr: 20260624-1.hum1
    sourcerpm: publicsuffix-list-20260624-1.hum1.src.rpm
  - url: https://console.redhat.com/api/pulp-content/public-hummingbird/x86_64/Packages/p/python3.12-3.12.13-3.3.hum1.x86_64.rpm
    repoid: public-hummingbird-x86_64-rpms
    size: 33214
    checksum: sha256:6b0ea28aed134b0646b35b850364995054d82e96cb44c4091498be74e7ac78d6
    name: python3.12
    evr: 3.12.13-3.3.hum1
    sourcerpm: python3.12-3.12.13-3.3.hum1.src.rpm
  - url: https://console.redhat.com/api/pulp-content/public-hummingbird/x86_64/Packages/p/python3.12-devel-3.12.13-3.3.hum1.x86_64.rpm
    repoid: public-hummingbird-x86_64-rpms
    size: 338472
    checksum: sha256:6243fedfc9c5584b30fc0b078f973e2c1f209213c7443a18870cc0806e0e8768
    name: python3.12-devel
    evr: 3.12.13-3.3.hum1
    sourcerpm: python3.12-3.12.13-3.3.hum1.src.rpm
  - url: https://console.redhat.com/api/pulp-content/public-hummingbird/x86_64/Packages/p/python3.12-libs-3.12.13-3.3.hum1.x86_64.rpm
    repoid: public-hummingbird-x86_64-rpms
    size: 9737036
    checksum: sha256:3a1ee0a944d7d9ece69b949769f708fb689d13679288d18455b17dc1f99576e1
    name: python3.12-libs
    evr: 3.12.13-3.3.hum1
    sourcerpm: python3.12-3.12.13-3.3.hum1.src.rpm
  - url: https://console.redhat.com/api/pulp-content/public-hummingbird/x86_64/Packages/r/rust-1.96.1-1.hum1.x86_64.rpm
    repoid: public-hummingbird-x86_64-rpms
    size: 31941850
    checksum: sha256:ace1bfc99d800d30d09501b9fbdec034de83837bf2dc0f151130517f301a92ba
    name: rust
    evr: 1.96.1-1.hum1
    sourcerpm: rust-1.96.1-1.hum1.src.rpm
  - url: https://console.redhat.com/api/pulp-content/public-hummingbird/x86_64/Packages/r/rust-std-static-1.96.1-1.hum1.x86_64.rpm
    repoid: public-hummingbird-x86_64-rpms
    size: 40864734
    checksum: sha256:a678723c1b1d91b341cd8dea01f9c63a7d9e8b39d2ba88a330aef6b88f2fe695
    name: rust-std-static
    evr: 1.96.1-1.hum1
    sourcerpm: rust-1.96.1-1.hum1.src.rpm
  source: []
  module_metadata: []
