---
lockfileVersion: 1
lockfileVendor: redhat
arches:
- arch: aarch64
  packages:
  - url: https://console.redhat.com/api/pulp-content/public-hummingbird/aarch64/Packages/b/binutils-2.46.1-1.1.hum1.aarch64.rpm
    repoid: public-hummingbird-x86_64-rpms
    size: 6771905
    checksum: sha256:4d019127416960363d3b224f1e43d6412c16b109111445055381a029e1e97a5b
    name: binutils
    evr: 2.46.1-1.1.hum1
    sourcerpm: binutils-2.46.1-1.1.hum1.src.rpm
  - url: https://console.redhat.com/api/pulp-content/public-hummingbird/aarch64/Packages/c/cargo-1.98.0-1.hum1.aarch64.rpm
    repoid: public-hummingbird-x86_64-rpms
    size: 7727436
    checksum: sha256:fac566ee7af2bc141e589391d962f87a68cd284baca31c3dafff3bbf9a99b35b
    name: cargo
    evr: 1.98.0-1.hum1
    sourcerpm: rust-1.98.0-1.hum1.src.rpm
  - url: https://console.redhat.com/api/pulp-content/public-hummingbird/aarch64/Packages/c/cpp-16.2.1-2.hum1.aarch64.rpm
    repoid: public-hummingbird-x86_64-rpms
    size: 14015587
    checksum: sha256:fc45da50ae05fee0482f188db49a3967970760090ecce067c9b20c4cee24856d
    name: cpp
    evr: 16.2.1-2.hum1
    sourcerpm: gcc-16.2.1-2.hum1.src.rpm
  - url: https://console.redhat.com/api/pulp-content/public-hummingbird/aarch64/Packages/e/elfutils-debuginfod-client-0.196-1.1.hum1.aarch64.rpm
    repoid: public-hummingbird-x86_64-rpms
    size: 54340
    checksum: sha256:1753a9d9ea49018bf1e2e1fd51b240038f028a63d9c4112893098774fc30742b
    name: elfutils-debuginfod-client
    evr: 0.196-1.1.hum1
    sourcerpm: elfutils-0.196-1.1.hum1.src.rpm
  - url: https://console.redhat.com/api/pulp-content/public-hummingbird/aarch64/Packages/e/elfutils-libelf-0.196-1.1.hum1.aarch64.rpm
    repoid: public-hummingbird-x86_64-rpms
    size: 248566
    checksum: sha256:7bff4ee816ff5e2b87ff881d9f3e4fecd1176d3675c5e48dd094c17bcd21968d
    name: elfutils-libelf
    evr: 0.196-1.1.hum1
    sourcerpm: elfutils-0.196-1.1.hum1.src.rpm
  - url: https://console.redhat.com/api/pulp-content/public-hummingbird/aarch64/Packages/e/elfutils-libs-0.196-1.1.hum1.aarch64.rpm
    repoid: public-hummingbird-x86_64-rpms
    size: 278642
    checksum: sha256:c1c4fc7a9a16f192c596d209dfc3b918448c5733ef5cf1d3897a4b6ebe864d2f
    name: elfutils-libs
    evr: 0.196-1.1.hum1
    sourcerpm: elfutils-0.196-1.1.hum1.src.rpm
  - url: https://console.redhat.com/api/pulp-content/public-hummingbird/aarch64/Packages/g/gcc-16.2.1-2.hum1.aarch64.rpm
    repoid: public-hummingbird-x86_64-rpms
    size: 41896734
    checksum: sha256:db15883e3d9900dbbbf1cf29b0faf341e154903c448bcb83e8e94b040b142306
    name: gcc
    evr: 16.2.1-2.hum1
    sourcerpm: gcc-16.2.1-2.hum1.src.rpm
  - url: https://console.redhat.com/api/pulp-content/public-hummingbird/aarch64/Packages/g/gcc-c++-16.2.1-2.hum1.aarch64.rpm
    repoid: public-hummingbird-x86_64-rpms
    size: 16727669
    checksum: sha256:a8ede564f4780a4f0c714d6af912b7ea71c3309585bfb28763f87c27dbd0d152
    name: gcc-c++
    evr: 16.2.1-2.hum1
    sourcerpm: gcc-16.2.1-2.hum1.src.rpm
  - url: https://console.redhat.com/api/pulp-content/public-hummingbird/aarch64/Packages/g/glibc-devel-2.43-8.5.hum1.aarch64.rpm
    repoid: public-hummingbird-x86_64-rpms
    size: 665411
    checksum: sha256:df4e99bd0471cf6bcd76053868b1bcdedaef8a4ee805ed81339d3dfe54fb618a
    name: glibc-devel
    evr: 2.43-8.5.hum1
    sourcerpm: glibc-2.43-8.5.hum1.src.rpm
  - url: https://console.redhat.com/api/pulp-content/public-hummingbird/aarch64/Packages/g/gmp-6.3.0-6.hum1.aarch64.rpm
    repoid: public-hummingbird-x86_64-rpms
    size: 284031
    checksum: sha256:cb18f886fd5b7d83e7e5f03ab2ab4b1f9f88dd09e199ab9b107e4b3609c1265f
    name: gmp
    evr: 1:6.3.0-6.hum1
    sourcerpm: gmp-6.3.0-6.hum1.src.rpm
  - url: https://console.redhat.com/api/pulp-content/public-hummingbird/aarch64/Packages/j/jansson-2.14-5.hum1.aarch64.rpm
    repoid: public-hummingbird-x86_64-rpms
    size: 53814
    checksum: sha256:8963f1eb0777923b2f6f9694b2a4c315bc8dc89dd1a9c9eea6a4e35f3d127dfe
    name: jansson
    evr: 2.14-5.hum1
    sourcerpm: jansson-2.14-5.hum1.src.rpm
  - url: https://console.redhat.com/api/pulp-content/public-hummingbird/aarch64/Packages/k/kernel-headers-7.2.0-61.hum1.aarch64.rpm
    repoid: public-hummingbird-x86_64-rpms
    size: 1872606
    checksum: sha256:8e30ff958f9fe891562bb38aeac8070fc2b3dcd8ced5faffe39922b3035149b2
    name: kernel-headers
    evr: 7.2.0-61.hum1
    sourcerpm: kernel-headers-7.2.0-61.hum1.src.rpm
  - url: https://console.redhat.com/api/pulp-content/public-hummingbird/aarch64/Packages/l/libasan-16.2.1-2.hum1.aarch64.rpm
    repoid: public-hummingbird-x86_64-rpms
    size: 534463
    checksum: sha256:3e23dffa23c7eb3703afec83b61f9d9c0b570db61527e04dcd47de29c02627dd
    name: libasan
    evr: 16.2.1-2.hum1
    sourcerpm: gcc-16.2.1-2.hum1.src.rpm
  - url: https://console.redhat.com/api/pulp-content/public-hummingbird/aarch64/Packages/l/libatomic-16.2.1-2.hum1.aarch64.rpm
    repoid: public-hummingbird-x86_64-rpms
    size: 62934
    checksum: sha256:2c02a4c78bd986022072796d8c3615174219177f13f443fa2198038cd2f55485
    name: libatomic
    evr: 16.2.1-2.hum1
    sourcerpm: gcc-16.2.1-2.hum1.src.rpm
  - url: https://console.redhat.com/api/pulp-content/public-hummingbird/aarch64/Packages/l/libedit-3.1-60.20260512cvs.hum1.aarch64.rpm
    repoid: public-hummingbird-x86_64-rpms
    size: 115237
    checksum: sha256:34b707a90a098e138cd847bddd161b536fba6b680b633a3b250472c7fb43ecb0
    name: libedit
    evr: 3.1-60.20260512cvs.hum1
    sourcerpm: libedit-3.1-60.20260512cvs.hum1.src.rpm
  - url: https://console.redhat.com/api/pulp-content/public-hummingbird/aarch64/Packages/l/libffi-devel-3.5.2-3.hum1.aarch64.rpm
    repoid: public-hummingbird-x86_64-rpms
    size: 35505
    checksum: sha256:9304882dc1cf166eda106c787e64b729bf7029832f4dc3a69a5e521dc5959b9b
    name: libffi-devel
    evr: 3.5.2-3.hum1
    sourcerpm: libffi-3.5.2-3.hum1.src.rpm
  - url: https://console.redhat.com/api/pulp-content/public-hummingbird/aarch64/Packages/l/libgit2-1.9.7-1.hum1.aarch64.rpm
    repoid: public-hummingbird-x86_64-rpms
    size: 575283
    checksum: sha256:e1ccfec9eeb8c6d87c3a4cdf7738924f19062fb7214a06012756e2305e5f13da
    name: libgit2
    evr: 1.9.7-1.hum1
    sourcerpm: libgit2-1.9.7-1.hum1.src.rpm
  - url: https://console.redhat.com/api/pulp-content/public-hummingbird/aarch64/Packages/l/libmpc-1.4.1-2.hum1.aarch64.rpm
    repoid: public-hummingbird-x86_64-rpms
    size: 81879
    checksum: sha256:eb3bc7d14686f46d34d48896472728f17f52eb2b57f8338082bac3f7275efb1d
    name: libmpc
    evr: 1.4.1-2.hum1
    sourcerpm: libmpc-1.4.1-2.hum1.src.rpm
  - url: https://console.redhat.com/api/pulp-content/public-hummingbird/aarch64/Packages/l/libpkgconf-2.5.1-2.hum1.aarch64.rpm
    repoid: public-hummingbird-x86_64-rpms
    size: 47938
    checksum: sha256:9313fb111115f207e8eaa1286b0cf13264abe39f9736984b213873b19c2e8e00
    name: libpkgconf
    evr: 2.5.1-2.hum1
    sourcerpm: pkgconf-2.5.1-2.hum1.src.rpm
  - url: https://console.redhat.com/api/pulp-content/public-hummingbird/aarch64/Packages/l/libssh2-1.11.1-10.4.hum1.aarch64.rpm
    repoid: public-hummingbird-x86_64-rpms
    size: 149635
    checksum: sha256:adbfff0e760cb3e96482edaa35d36a051b4e35800b7877988196182ebd58e296
    name: libssh2
    evr: 1.11.1-10.4.hum1
    sourcerpm: libssh2-1.11.1-10.4.hum1.src.rpm
  - url: https://console.redhat.com/api/pulp-content/public-hummingbird/aarch64/Packages/l/libstdc++-devel-16.2.1-2.hum1.aarch64.rpm
    repoid: public-hummingbird-x86_64-rpms
    size: 6156242
    checksum: sha256:68d79229b4f8b312a403033eb77cca9f4691b79e46e0d5441919f8fdcd5ba617
    name: libstdc++-devel
    evr: 16.2.1-2.hum1
    sourcerpm: gcc-16.2.1-2.hum1.src.rpm
  - url: https://console.redhat.com/api/pulp-content/public-hummingbird/aarch64/Packages/l/libubsan-16.2.1-2.hum1.aarch64.rpm
    repoid: public-hummingbird-x86_64-rpms
    size: 239693
    checksum: sha256:8bebb1dc154b592058badb887a2c1fdc370a95393aab1ac9b1daab1a51529ec9
    name: libubsan
    evr: 16.2.1-2.hum1
    sourcerpm: gcc-16.2.1-2.hum1.src.rpm
  - url: https://console.redhat.com/api/pulp-content/public-hummingbird/aarch64/Packages/l/libxcrypt-devel-4.5.2-4.hum1.aarch64.rpm
    repoid: public-hummingbird-x86_64-rpms
    size: 37942
    checksum: sha256:b660fe4f74c908bfd250ad3f146c3aad0d9ec2fae42da1d03dea4e088f184275
    name: libxcrypt-devel
    evr: 4.5.2-4.hum1
    sourcerpm: libxcrypt-4.5.2-4.hum1.src.rpm
  - url: https://console.redhat.com/api/pulp-content/public-hummingbird/aarch64/Packages/l/llhttp-9.4.2-2.hum1.aarch64.rpm
    repoid: public-hummingbird-x86_64-rpms
    size: 43620
    checksum: sha256:dcc4e0455536e8a45f026a2db8da106258e20083432828f345d16b30b1f5e975
    name: llhttp
    evr: 9.4.2-2.hum1
    sourcerpm: llhttp-9.4.2-2.hum1.src.rpm
  - url: https://console.redhat.com/api/pulp-content/public-hummingbird/aarch64/Packages/l/llvm-filesystem-22.1.8-4.1.hum1.aarch64.rpm
    repoid: public-hummingbird-x86_64-rpms
    size: 13797
    checksum: sha256:c8e5517c7a6955431a33889317d2a265ba45d88af02c152ee1db29e0ef716b60
    name: llvm-filesystem
    evr: 22.1.8-4.1.hum1
    sourcerpm: llvm-22.1.8-4.1.hum1.src.rpm
  - url: https://console.redhat.com/api/pulp-content/public-hummingbird/aarch64/Packages/l/llvm-libs-22.1.8-4.1.hum1.aarch64.rpm
    repoid: public-hummingbird-x86_64-rpms
    size: 34356167
    checksum: sha256:dbaf60cb44045e9a304651d41ca04a109dbd4b16e2eb1cdad4d41f01a8fccdd4
    name: llvm-libs
    evr: 22.1.8-4.1.hum1
    sourcerpm: llvm-22.1.8-4.1.hum1.src.rpm
  - url: https://console.redhat.com/api/pulp-content/public-hummingbird/aarch64/Packages/m/make-4.4.1-13.hum1.aarch64.rpm
    repoid: public-hummingbird-x86_64-rpms
    size: 604299
    checksum: sha256:305b15ab2c4f85b1f53c8b0e59051bd08acada6da8a666392a39b887a5a80755
    name: make
    evr: 1:4.4.1-13.hum1
    sourcerpm: make-4.4.1-13.hum1.src.rpm
  - url: https://console.redhat.com/api/pulp-content/public-hummingbird/aarch64/Packages/m/mpfr-4.2.2-4.hum1.aarch64.rpm
    repoid: public-hummingbird-x86_64-rpms
    size: 333334
    checksum: sha256:e783dc5b43dd57d6bff4bdbb629bab8984d1d84bbcacb703c5f538cc6999c0c9
    name: mpfr
    evr: 4.2.2-4.hum1
    sourcerpm: mpfr-4.2.2-4.hum1.src.rpm
  - url: https://console.redhat.com/api/pulp-content/public-hummingbird/aarch64/Packages/o/openssl-devel-3.5.8-0.1.hum1.aarch64.rpm
    repoid: public-hummingbird-x86_64-rpms
    size: 4538893
    checksum: sha256:e8aab631884479cfe8a2218a4eafe857dda13e5906213d5ab434a1719cf11931
    name: openssl-devel
    evr: 1:3.5.8-0.1.hum1
    sourcerpm: openssl-3.5.8-0.1.hum1.src.rpm
  - url: https://console.redhat.com/api/pulp-content/public-hummingbird/aarch64/Packages/p/pkgconf-2.5.1-2.hum1.aarch64.rpm
    repoid: public-hummingbird-x86_64-rpms
    size: 56874
    checksum: sha256:f5c2122c5272da69c4e50320c7261f3c23d4ca3fef39caa2466e65da03235a9a
    name: pkgconf
    evr: 2.5.1-2.hum1
    sourcerpm: pkgconf-2.5.1-2.hum1.src.rpm
  - url: https://console.redhat.com/api/pulp-content/public-hummingbird/aarch64/Packages/p/pkgconf-m4-2.5.1-2.hum1.noarch.rpm
    repoid: public-hummingbird-x86_64-rpms
    size: 20407
    checksum: sha256:cd5b6336666a146e5a0069930953ab87cbbc5a8eae535aa4812322374df5bf27
    name: pkgconf-m4
    evr: 2.5.1-2.hum1
    sourcerpm: pkgconf-2.5.1-2.hum1.src.rpm
  - url: https://console.redhat.com/api/pulp-content/public-hummingbird/aarch64/Packages/p/pkgconf-pkg-config-2.5.1-2.hum1.aarch64.rpm
    repoid: public-hummingbird-x86_64-rpms
    size: 15983
    checksum: sha256:85888b35626a1eef628da1214f2c028399ee97860c305c546540ae8ae5f3f303
    name: pkgconf-pkg-config
    evr: 2.5.1-2.hum1
    sourcerpm: pkgconf-2.5.1-2.hum1.src.rpm
  - url: https://console.redhat.com/api/pulp-content/public-hummingbird/aarch64/Packages/p/python3.12-3.12.14-1.1.hum1.aarch64.rpm
    repoid: public-hummingbird-x86_64-rpms
    size: 33286
    checksum: sha256:9689128580fda9537da74afb0352163a36c343935318768d0e1d1092ee0800a7
    name: python3.12
    evr: 3.12.14-1.1.hum1
    sourcerpm: python3.12-3.12.14-1.1.hum1.src.rpm
  - url: https://console.redhat.com/api/pulp-content/public-hummingbird/aarch64/Packages/p/python3.12-devel-3.12.14-1.1.hum1.aarch64.rpm
    repoid: public-hummingbird-x86_64-rpms
    size: 338385
    checksum: sha256:eb52e56dc2c6b4e11b5e1359327b8c86dcdc99003d08028938b968845a25b005
    name: python3.12-devel
    evr: 3.12.14-1.1.hum1
    sourcerpm: python3.12-3.12.14-1.1.hum1.src.rpm
  - url: https://console.redhat.com/api/pulp-content/public-hummingbird/aarch64/Packages/p/python3.12-libs-3.12.14-1.1.hum1.aarch64.rpm
    repoid: public-hummingbird-x86_64-rpms
    size: 9693361
    checksum: sha256:f1a0657b40d8e339216f47d3bdd6c3167b71153d462b9020d41cb6d68b8265ea
    name: python3.12-libs
    evr: 3.12.14-1.1.hum1
    sourcerpm: python3.12-3.12.14-1.1.hum1.src.rpm
  - url: https://console.redhat.com/api/pulp-content/public-hummingbird/aarch64/Packages/r/rust-1.98.0-1.hum1.aarch64.rpm
    repoid: public-hummingbird-x86_64-rpms
    size: 29562121
    checksum: sha256:78e7dbf3019dff2afed75ff6d739ebae8d4d04fb93d128d06c7f90bd0e0d1d70
    name: rust
    evr: 1.98.0-1.hum1
    sourcerpm: rust-1.98.0-1.hum1.src.rpm
  - url: https://console.redhat.com/api/pulp-content/public-hummingbird/aarch64/Packages/r/rust-std-static-1.98.0-1.hum1.aarch64.rpm
    repoid: public-hummingbird-x86_64-rpms
    size: 42040068
    checksum: sha256:f686119573936092357c4322667876fc10735d5048db125e20b3e39b6ca4143d
    name: rust-std-static
    evr: 1.98.0-1.hum1
    sourcerpm: rust-1.98.0-1.hum1.src.rpm
  source: []
  module_metadata: []
- arch: x86_64
  packages:
  - url: https://console.redhat.com/api/pulp-content/public-hummingbird/x86_64/Packages/b/binutils-2.46.1-1.1.hum1.x86_64.rpm
    repoid: public-hummingbird-x86_64-rpms
    size: 6511088
    checksum: sha256:4ce0c840e921cfc82cb5ff0c75bd0dd996a6508b0c20dbeef566b274dbf768dc
    name: binutils
    evr: 2.46.1-1.1.hum1
    sourcerpm: binutils-2.46.1-1.1.hum1.src.rpm
  - url: https://console.redhat.com/api/pulp-content/public-hummingbird/x86_64/Packages/c/cargo-1.98.0-1.hum1.x86_64.rpm
    repoid: public-hummingbird-x86_64-rpms
    size: 8298053
    checksum: sha256:600e0054287aa11dcedac39e5e7be8979abf173d584f35e8ccf8953e78bb366e
    name: cargo
    evr: 1.98.0-1.hum1
    sourcerpm: rust-1.98.0-1.hum1.src.rpm
  - url: https://console.redhat.com/api/pulp-content/public-hummingbird/x86_64/Packages/c/cpp-16.2.1-2.hum1.x86_64.rpm
    repoid: public-hummingbird-x86_64-rpms
    size: 15368368
    checksum: sha256:b69fa24fe0831440c2dfed7b7f985803b3eaf5e54ce16c7f93fcd9a64e491e00
    name: cpp
    evr: 16.2.1-2.hum1
    sourcerpm: gcc-16.2.1-2.hum1.src.rpm
  - url: https://console.redhat.com/api/pulp-content/public-hummingbird/x86_64/Packages/e/elfutils-debuginfod-client-0.196-1.1.hum1.x86_64.rpm
    repoid: public-hummingbird-x86_64-rpms
    size: 55112
    checksum: sha256:ebece4e4c26c70cfd4f963743bc0e7ebde3c045e75d0549420ff9e00a229baea
    name: elfutils-debuginfod-client
    evr: 0.196-1.1.hum1
    sourcerpm: elfutils-0.196-1.1.hum1.src.rpm
  - url: https://console.redhat.com/api/pulp-content/public-hummingbird/x86_64/Packages/e/elfutils-libelf-0.196-1.1.hum1.x86_64.rpm
    repoid: public-hummingbird-x86_64-rpms
    size: 251176
    checksum: sha256:f9ff1f5734862f57589b5420a0ac732e65f1ff9938b12a474a6ca446dd335f8d
    name: elfutils-libelf
    evr: 0.196-1.1.hum1
    sourcerpm: elfutils-0.196-1.1.hum1.src.rpm
  - url: https://console.redhat.com/api/pulp-content/public-hummingbird/x86_64/Packages/e/elfutils-libs-0.196-1.1.hum1.x86_64.rpm
    repoid: public-hummingbird-x86_64-rpms
    size: 298333
    checksum: sha256:22202f106a84c8c026bfd024de9cb2afd83c85e2ef9de99086d39e94ce9d24fa
    name: elfutils-libs
    evr: 0.196-1.1.hum1
    sourcerpm: elfutils-0.196-1.1.hum1.src.rpm
  - url: https://console.redhat.com/api/pulp-content/public-hummingbird/x86_64/Packages/g/gcc-16.2.1-2.hum1.x86_64.rpm
    repoid: public-hummingbird-x86_64-rpms
    size: 45538043
    checksum: sha256:14a5c0e54095698e5ba08dbf9c2c2e2acad4524366fcb24fcbf6e70885d669a8
    name: gcc
    evr: 16.2.1-2.hum1
    sourcerpm: gcc-16.2.1-2.hum1.src.rpm
  - url: https://console.redhat.com/api/pulp-content/public-hummingbird/x86_64/Packages/g/gcc-c++-16.2.1-2.hum1.x86_64.rpm
    repoid: public-hummingbird-x86_64-rpms
    size: 18234012
    checksum: sha256:c9001cbeb83438e0a62b6073f878c4909375d6224992eb08635e8a545465e1c0
    name: gcc-c++
    evr: 16.2.1-2.hum1
    sourcerpm: gcc-16.2.1-2.hum1.src.rpm
  - url: https://console.redhat.com/api/pulp-content/public-hummingbird/x86_64/Packages/g/glibc-devel-2.43-8.5.hum1.x86_64.rpm
    repoid: public-hummingbird-x86_64-rpms
    size: 673653
    checksum: sha256:43fe735f79e26be1a967da87841fcf2643ad389230c299eb2b1226a87d04d19b
    name: glibc-devel
    evr: 2.43-8.5.hum1
    sourcerpm: glibc-2.43-8.5.hum1.src.rpm
  - url: https://console.redhat.com/api/pulp-content/public-hummingbird/x86_64/Packages/g/gmp-6.3.0-6.hum1.x86_64.rpm
    repoid: public-hummingbird-x86_64-rpms
    size: 336312
    checksum: sha256:6566943f8813eb0ced4fa107044729289d3bb8064dbc8252d6cd3853f9cc0d09
    name: gmp
    evr: 1:6.3.0-6.hum1
    sourcerpm: gmp-6.3.0-6.hum1.src.rpm
  - url: https://console.redhat.com/api/pulp-content/public-hummingbird/x86_64/Packages/j/jansson-2.14-5.hum1.x86_64.rpm
    repoid: public-hummingbird-x86_64-rpms
    size: 54378
    checksum: sha256:26340691580468685523c4d920441aef3c6b795232d6188fc5dacf665c44d84e
    name: jansson
    evr: 2.14-5.hum1
    sourcerpm: jansson-2.14-5.hum1.src.rpm
  - url: https://console.redhat.com/api/pulp-content/public-hummingbird/x86_64/Packages/k/kernel-headers-7.2.0-61.hum1.x86_64.rpm
    repoid: public-hummingbird-x86_64-rpms
    size: 1908964
    checksum: sha256:e23b73199617067df2408a5046f549d42bf42d7ebea5c97987fa15ce0ffbb854
    name: kernel-headers
    evr: 7.2.0-61.hum1
    sourcerpm: kernel-headers-7.2.0-61.hum1.src.rpm
  - url: https://console.redhat.com/api/pulp-content/public-hummingbird/x86_64/Packages/l/libatomic-16.2.1-2.hum1.x86_64.rpm
    repoid: public-hummingbird-x86_64-rpms
    size: 63053
    checksum: sha256:8ee3c5243700bb5a01dcfc2a307e8c1cb7da9e5b3d94559a053625afb26f0d9a
    name: libatomic
    evr: 16.2.1-2.hum1
    sourcerpm: gcc-16.2.1-2.hum1.src.rpm
  - url: https://console.redhat.com/api/pulp-content/public-hummingbird/x86_64/Packages/l/libedit-3.1-60.20260512cvs.hum1.x86_64.rpm
    repoid: public-hummingbird-x86_64-rpms
    size: 119199
    checksum: sha256:90c026ce92eb6cb19808ef8e8f3a4a98f4b91778d905cfa28eb17a115ad2bd2f
    name: libedit
    evr: 3.1-60.20260512cvs.hum1
    sourcerpm: libedit-3.1-60.20260512cvs.hum1.src.rpm
  - url: https://console.redhat.com/api/pulp-content/public-hummingbird/x86_64/Packages/l/libffi-devel-3.5.2-3.hum1.x86_64.rpm
    repoid: public-hummingbird-x86_64-rpms
    size: 36481
    checksum: sha256:8129881894606b4a8a884d1f52271d3db87c57d5c0e52a43ccb3993adbf90c5f
    name: libffi-devel
    evr: 3.5.2-3.hum1
    sourcerpm: libffi-3.5.2-3.hum1.src.rpm
  - url: https://console.redhat.com/api/pulp-content/public-hummingbird/x86_64/Packages/l/libgit2-1.9.7-1.hum1.x86_64.rpm
    repoid: public-hummingbird-x86_64-rpms
    size: 633667
    checksum: sha256:2d3e68c39d45b13e035048e2602f41aaf66fda95401db5b6ed5b187ff66eaef3
    name: libgit2
    evr: 1.9.7-1.hum1
    sourcerpm: libgit2-1.9.7-1.hum1.src.rpm
  - url: https://console.redhat.com/api/pulp-content/public-hummingbird/x86_64/Packages/l/libmpc-1.4.1-2.hum1.x86_64.rpm
    repoid: public-hummingbird-x86_64-rpms
    size: 83759
    checksum: sha256:e2ec96e34d3588440a617a31fe025470da4c563cab9016294a7750243a985905
    name: libmpc
    evr: 1.4.1-2.hum1
    sourcerpm: libmpc-1.4.1-2.hum1.src.rpm
  - url: https://console.redhat.com/api/pulp-content/public-hummingbird/x86_64/Packages/l/libpkgconf-2.5.1-2.hum1.x86_64.rpm
    repoid: public-hummingbird-x86_64-rpms
    size: 50006
    checksum: sha256:ca91a2516e3d57ce21f43e341c2a0835b0dafac75a240b94ef2982cd76ac6515
    name: libpkgconf
    evr: 2.5.1-2.hum1
    sourcerpm: pkgconf-2.5.1-2.hum1.src.rpm
  - url: https://console.redhat.com/api/pulp-content/public-hummingbird/x86_64/Packages/l/libssh2-1.11.1-10.4.hum1.x86_64.rpm
    repoid: public-hummingbird-x86_64-rpms
    size: 159429
    checksum: sha256:2d1cc0f9707eecef6c8c84e227115689e90dda3b6d547bf01ab3679da14af534
    name: libssh2
    evr: 1.11.1-10.4.hum1
    sourcerpm: libssh2-1.11.1-10.4.hum1.src.rpm
  - url: https://console.redhat.com/api/pulp-content/public-hummingbird/x86_64/Packages/l/libstdc++-devel-16.2.1-2.hum1.x86_64.rpm
    repoid: public-hummingbird-x86_64-rpms
    size: 6338246
    checksum: sha256:32b4d4ed264b645044bb7973a6d55c40489942896def42d109453d0c7030861e
    name: libstdc++-devel
    evr: 16.2.1-2.hum1
    sourcerpm: gcc-16.2.1-2.hum1.src.rpm
  - url: https://console.redhat.com/api/pulp-content/public-hummingbird/x86_64/Packages/l/libxcrypt-devel-4.5.2-4.hum1.x86_64.rpm
    repoid: public-hummingbird-x86_64-rpms
    size: 37978
    checksum: sha256:108e3df4ae8469e260a97af98a98593104cbd0f37e11d1ae9ca162823ea330e8
    name: libxcrypt-devel
    evr: 4.5.2-4.hum1
    sourcerpm: libxcrypt-4.5.2-4.hum1.src.rpm
  - url: https://console.redhat.com/api/pulp-content/public-hummingbird/x86_64/Packages/l/llhttp-9.4.2-2.hum1.x86_64.rpm
    repoid: public-hummingbird-x86_64-rpms
    size: 43692
    checksum: sha256:fee0f76823a7117514367e61a6924597aa35dba07bde01cb2d9ad9317c3a9a80
    name: llhttp
    evr: 9.4.2-2.hum1
    sourcerpm: llhttp-9.4.2-2.hum1.src.rpm
  - url: https://console.redhat.com/api/pulp-content/public-hummingbird/x86_64/Packages/l/llvm-filesystem-22.1.8-4.1.hum1.x86_64.rpm
    repoid: public-hummingbird-x86_64-rpms
    size: 13829
    checksum: sha256:30451c294f16c59edcb2d3b7706d76ec0fbafd15dd989fd0fe4d4fb0ea719e86
    name: llvm-filesystem
    evr: 22.1.8-4.1.hum1
    sourcerpm: llvm-22.1.8-4.1.hum1.src.rpm
  - url: https://console.redhat.com/api/pulp-content/public-hummingbird/x86_64/Packages/l/llvm-libs-22.1.8-4.1.hum1.x86_64.rpm
    repoid: public-hummingbird-x86_64-rpms
    size: 35747955
    checksum: sha256:191b71af00458d2304a7b022fb30b764cdc286ffbd3977614629010da55883fd
    name: llvm-libs
    evr: 22.1.8-4.1.hum1
    sourcerpm: llvm-22.1.8-4.1.hum1.src.rpm
  - url: https://console.redhat.com/api/pulp-content/public-hummingbird/x86_64/Packages/m/make-4.4.1-13.hum1.x86_64.rpm
    repoid: public-hummingbird-x86_64-rpms
    size: 609197
    checksum: sha256:82f3b675866f7233abf6acd494cc70b1d4d2f5d64ea87afd2554250380bb34c5
    name: make
    evr: 1:4.4.1-13.hum1
    sourcerpm: make-4.4.1-13.hum1.src.rpm
  - url: https://console.redhat.com/api/pulp-content/public-hummingbird/x86_64/Packages/m/mpfr-4.2.2-4.hum1.x86_64.rpm
    repoid: public-hummingbird-x86_64-rpms
    size: 372576
    checksum: sha256:9ca009c75ccc79071af834efbe1209471756cafc67eeca2e0ff061d7e7dd2b0f
    name: mpfr
    evr: 4.2.2-4.hum1
    sourcerpm: mpfr-4.2.2-4.hum1.src.rpm
  - url: https://console.redhat.com/api/pulp-content/public-hummingbird/x86_64/Packages/o/openssl-devel-3.5.8-0.1.hum1.x86_64.rpm
    repoid: public-hummingbird-x86_64-rpms
    size: 4539579
    checksum: sha256:3a4765e07a3795acbed683a052912bc5cb8de688f2da329b5d2c43131a80198b
    name: openssl-devel
    evr: 1:3.5.8-0.1.hum1
    sourcerpm: openssl-3.5.8-0.1.hum1.src.rpm
  - url: https://console.redhat.com/api/pulp-content/public-hummingbird/x86_64/Packages/p/pkgconf-2.5.1-2.hum1.x86_64.rpm
    repoid: public-hummingbird-x86_64-rpms
    size: 57411
    checksum: sha256:e142bc1a6a7c5d8151ef939f78d00d9d1a9abe1f5b746d1565afb2038d97a740
    name: pkgconf
    evr: 2.5.1-2.hum1
    sourcerpm: pkgconf-2.5.1-2.hum1.src.rpm
  - url: https://console.redhat.com/api/pulp-content/public-hummingbird/x86_64/Packages/p/pkgconf-m4-2.5.1-2.hum1.noarch.rpm
    repoid: public-hummingbird-x86_64-rpms
    size: 20407
    checksum: sha256:cd5b6336666a146e5a0069930953ab87cbbc5a8eae535aa4812322374df5bf27
    name: pkgconf-m4
    evr: 2.5.1-2.hum1
    sourcerpm: pkgconf-2.5.1-2.hum1.src.rpm
  - url: https://console.redhat.com/api/pulp-content/public-hummingbird/x86_64/Packages/p/pkgconf-pkg-config-2.5.1-2.hum1.x86_64.rpm
    repoid: public-hummingbird-x86_64-rpms
    size: 16014
    checksum: sha256:2b345564b7428018d12a5cc7e65e70f17d0a3cb2aaf5478ee03e5c9cd68f7c68
    name: pkgconf-pkg-config
    evr: 2.5.1-2.hum1
    sourcerpm: pkgconf-2.5.1-2.hum1.src.rpm
  - url: https://console.redhat.com/api/pulp-content/public-hummingbird/x86_64/Packages/p/python3.12-3.12.14-1.1.hum1.x86_64.rpm
    repoid: public-hummingbird-x86_64-rpms
    size: 33052
    checksum: sha256:0aa77287f8145b47d2c2cd52cb6e399f932f7c54500f6bb4e2293bed273249c7
    name: python3.12
    evr: 3.12.14-1.1.hum1
    sourcerpm: python3.12-3.12.14-1.1.hum1.src.rpm
  - url: https://console.redhat.com/api/pulp-content/public-hummingbird/x86_64/Packages/p/python3.12-devel-3.12.14-1.1.hum1.x86_64.rpm
    repoid: public-hummingbird-x86_64-rpms
    size: 338414
    checksum: sha256:2900178df2326aa4a11ca1f0ac4c9882e6d3c849e91c9663f6089469170a8311
    name: python3.12-devel
    evr: 3.12.14-1.1.hum1
    sourcerpm: python3.12-3.12.14-1.1.hum1.src.rpm
  - url: https://console.redhat.com/api/pulp-content/public-hummingbird/x86_64/Packages/p/python3.12-libs-3.12.14-1.1.hum1.x86_64.rpm
    repoid: public-hummingbird-x86_64-rpms
    size: 9925209
    checksum: sha256:d25df82eff4257059f3a54ebb4c5de305ff33e2b08cc09c53f0354559e9ccb17
    name: python3.12-libs
    evr: 3.12.14-1.1.hum1
    sourcerpm: python3.12-3.12.14-1.1.hum1.src.rpm
  - url: https://console.redhat.com/api/pulp-content/public-hummingbird/x86_64/Packages/r/rust-1.98.0-1.hum1.x86_64.rpm
    repoid: public-hummingbird-x86_64-rpms
    size: 31577787
    checksum: sha256:f62346217dd00e5886f9a47e12a222aaa42118acd803cf516e486e031bf3857f
    name: rust
    evr: 1.98.0-1.hum1
    sourcerpm: rust-1.98.0-1.hum1.src.rpm
  - url: https://console.redhat.com/api/pulp-content/public-hummingbird/x86_64/Packages/r/rust-std-static-1.98.0-1.hum1.x86_64.rpm
    repoid: public-hummingbird-x86_64-rpms
    size: 42070748
    checksum: sha256:3d676216b7853089bfe28fdac7babc01b432855add0af8f96005b02394a6851e
    name: rust-std-static
    evr: 1.98.0-1.hum1
    sourcerpm: rust-1.98.0-1.hum1.src.rpm
  source: []
  module_metadata: []
