---
lockfileVersion: 1
lockfileVendor: redhat
arches:
- arch: aarch64
  packages:
  - url: https://console.redhat.com/api/pulp-content/public-hummingbird/aarch64/Packages/b/binutils-2.46.1-1.2.hum1.aarch64.rpm
    repoid: public-hummingbird-x86_64-rpms
    size: 6771545
    checksum: sha256:f61d185a21171bdc7697dd354e8ed036591bb0f1ab5026447cc8ad5a1a7611f2
    name: binutils
    evr: 2.46.1-1.2.hum1
    sourcerpm: binutils-2.46.1-1.2.hum1.src.rpm
  - url: https://console.redhat.com/api/pulp-content/public-hummingbird/aarch64/Packages/c/cargo-1.99.0-0.1.hum1.aarch64.rpm
    repoid: public-hummingbird-x86_64-rpms
    size: 7701154
    checksum: sha256:1efb7a616ff6f09eacbf992511e28de73f28d84f3919f424fdaed1f5b510899f
    name: cargo
    evr: 1.99.0-0.1.hum1
    sourcerpm: rust-1.99.0-0.1.hum1.src.rpm
  - url: https://console.redhat.com/api/pulp-content/public-hummingbird/aarch64/Packages/c/cpp-16.2.1-3.1.hum1.aarch64.rpm
    repoid: public-hummingbird-x86_64-rpms
    size: 14018630
    checksum: sha256:f0069633a16b3dd4e8979c04046c502487912f5accc56a2137927441de762560
    name: cpp
    evr: 16.2.1-3.1.hum1
    sourcerpm: gcc-16.2.1-3.1.hum1.src.rpm
  - url: https://console.redhat.com/api/pulp-content/public-hummingbird/aarch64/Packages/e/elfutils-debuginfod-client-0.196-1.1.1.hum1.aarch64.rpm
    repoid: public-hummingbird-x86_64-rpms
    size: 54325
    checksum: sha256:b97c9fe7f550e0e2b27e79d11e0768da4a707f9aa699eabef1dc96990aaf0bff
    name: elfutils-debuginfod-client
    evr: 0.196-1.1.1.hum1
    sourcerpm: elfutils-0.196-1.1.1.hum1.src.rpm
  - url: https://console.redhat.com/api/pulp-content/public-hummingbird/aarch64/Packages/e/elfutils-libelf-0.196-1.1.1.hum1.aarch64.rpm
    repoid: public-hummingbird-x86_64-rpms
    size: 248121
    checksum: sha256:d48b80dc24f9f8ee35936da5b4cc6e82f0bc19f866aae60132dc673cc5f449bb
    name: elfutils-libelf
    evr: 0.196-1.1.1.hum1
    sourcerpm: elfutils-0.196-1.1.1.hum1.src.rpm
  - url: https://console.redhat.com/api/pulp-content/public-hummingbird/aarch64/Packages/e/elfutils-libs-0.196-1.1.1.hum1.aarch64.rpm
    repoid: public-hummingbird-x86_64-rpms
    size: 278668
    checksum: sha256:a447c22f4c68f60d64feb59a22cf8ca015d59b818c508f6c1578af8a3cb52f63
    name: elfutils-libs
    evr: 0.196-1.1.1.hum1
    sourcerpm: elfutils-0.196-1.1.1.hum1.src.rpm
  - url: https://console.redhat.com/api/pulp-content/public-hummingbird/aarch64/Packages/g/gcc-16.2.1-3.1.hum1.aarch64.rpm
    repoid: public-hummingbird-x86_64-rpms
    size: 41880458
    checksum: sha256:704ce0f043fd797ea269f3d445206f3fbb1e30eafa193f7179a1bd0e809e12c8
    name: gcc
    evr: 16.2.1-3.1.hum1
    sourcerpm: gcc-16.2.1-3.1.hum1.src.rpm
  - url: https://console.redhat.com/api/pulp-content/public-hummingbird/aarch64/Packages/g/gcc-c++-16.2.1-3.1.hum1.aarch64.rpm
    repoid: public-hummingbird-x86_64-rpms
    size: 16732256
    checksum: sha256:0fccfde0d33abcdbf51b39274d262b4f72f7e85efd73b4aea95ec275bf37b128
    name: gcc-c++
    evr: 16.2.1-3.1.hum1
    sourcerpm: gcc-16.2.1-3.1.hum1.src.rpm
  - url: https://console.redhat.com/api/pulp-content/public-hummingbird/aarch64/Packages/g/glibc-devel-2.43-9.2.hum1.aarch64.rpm
    repoid: public-hummingbird-x86_64-rpms
    size: 667263
    checksum: sha256:8aea5c8d959dcf6fcd0bc42ec4ac9666e631d5375baa5556a22afdffc415d839
    name: glibc-devel
    evr: 2.43-9.2.hum1
    sourcerpm: glibc-2.43-9.2.hum1.src.rpm
  - url: https://console.redhat.com/api/pulp-content/public-hummingbird/aarch64/Packages/g/gmp-6.3.0-6.1.hum1.aarch64.rpm
    repoid: public-hummingbird-x86_64-rpms
    size: 284089
    checksum: sha256:0c87f08b6bb2ff6285484176cc9828478efde1f62d5277e5d5a8e49b5b604b68
    name: gmp
    evr: 1:6.3.0-6.1.hum1
    sourcerpm: gmp-6.3.0-6.1.hum1.src.rpm
  - url: https://console.redhat.com/api/pulp-content/public-hummingbird/aarch64/Packages/j/jansson-2.14-5.hum1.aarch64.rpm
    repoid: public-hummingbird-x86_64-rpms
    size: 53814
    checksum: sha256:8963f1eb0777923b2f6f9694b2a4c315bc8dc89dd1a9c9eea6a4e35f3d127dfe
    name: jansson
    evr: 2.14-5.hum1
    sourcerpm: jansson-2.14-5.hum1.src.rpm
  - url: https://console.redhat.com/api/pulp-content/public-hummingbird/aarch64/Packages/k/kernel-headers-7.2.0-61.hum1.aarch64.rpm
    repoid: public-hummingbird-x86_64-rpms
    size: 1872606
    checksum: sha256:8e30ff958f9fe891562bb38aeac8070fc2b3dcd8ced5faffe39922b3035149b2
    name: kernel-headers
    evr: 7.2.0-61.hum1
    sourcerpm: kernel-headers-7.2.0-61.hum1.src.rpm
  - url: https://console.redhat.com/api/pulp-content/public-hummingbird/aarch64/Packages/l/libasan-16.2.1-3.1.hum1.aarch64.rpm
    repoid: public-hummingbird-x86_64-rpms
    size: 534509
    checksum: sha256:b1a413af169da375e9d4a473969c08e46465f74f29379e078c7cb2e87b784e55
    name: libasan
    evr: 16.2.1-3.1.hum1
    sourcerpm: gcc-16.2.1-3.1.hum1.src.rpm
  - url: https://console.redhat.com/api/pulp-content/public-hummingbird/aarch64/Packages/l/libatomic-16.2.1-3.1.hum1.aarch64.rpm
    repoid: public-hummingbird-x86_64-rpms
    size: 62957
    checksum: sha256:5a583db2bdb27fd0595089eae43ab184a23b7d5e35276acbe2bcc51c03d4c711
    name: libatomic
    evr: 16.2.1-3.1.hum1
    sourcerpm: gcc-16.2.1-3.1.hum1.src.rpm
  - url: https://console.redhat.com/api/pulp-content/public-hummingbird/aarch64/Packages/l/libedit-3.1-60.20260512cvs.hum1.aarch64.rpm
    repoid: public-hummingbird-x86_64-rpms
    size: 115237
    checksum: sha256:34b707a90a098e138cd847bddd161b536fba6b680b633a3b250472c7fb43ecb0
    name: libedit
    evr: 3.1-60.20260512cvs.hum1
    sourcerpm: libedit-3.1-60.20260512cvs.hum1.src.rpm
  - url: https://console.redhat.com/api/pulp-content/public-hummingbird/aarch64/Packages/l/libffi-devel-3.8.0-1.1.hum1.aarch64.rpm
    repoid: public-hummingbird-x86_64-rpms
    size: 38453
    checksum: sha256:578ae146c27a1cd2249d2358190c10402694168c55ff0eedbd53c86e1f50286c
    name: libffi-devel
    evr: 3.8.0-1.1.hum1
    sourcerpm: libffi-3.8.0-1.1.hum1.src.rpm
  - url: https://console.redhat.com/api/pulp-content/public-hummingbird/aarch64/Packages/l/libgcc-16.2.1-3.1.hum1.aarch64.rpm
    repoid: public-hummingbird-x86_64-rpms
    size: 127049
    checksum: sha256:6919f69faa9aff910324da185a08d5a82e5fa5d9111e39e70b32bd0061505e8a
    name: libgcc
    evr: 16.2.1-3.1.hum1
    sourcerpm: gcc-16.2.1-3.1.hum1.src.rpm
  - url: https://console.redhat.com/api/pulp-content/public-hummingbird/aarch64/Packages/l/libgit2_1.9-1.9.7-3.hum1.aarch64.rpm
    repoid: public-hummingbird-x86_64-rpms
    size: 575179
    checksum: sha256:dd2325a85101e106ce0e2744701db4f992521649506841843c462b45a6fa4b89
    name: libgit2_1.9
    evr: 1.9.7-3.hum1
    sourcerpm: libgit2_1.9-1.9.7-3.hum1.src.rpm
  - url: https://console.redhat.com/api/pulp-content/public-hummingbird/aarch64/Packages/l/libgomp-16.2.1-3.1.hum1.aarch64.rpm
    repoid: public-hummingbird-x86_64-rpms
    size: 395996
    checksum: sha256:4411bad9b15f3eb4f1881d0b8b55845df52fee87387480c915f17af99d30280c
    name: libgomp
    evr: 16.2.1-3.1.hum1
    sourcerpm: gcc-16.2.1-3.1.hum1.src.rpm
  - url: https://console.redhat.com/api/pulp-content/public-hummingbird/aarch64/Packages/l/libmpc-1.4.1-2.hum1.aarch64.rpm
    repoid: public-hummingbird-x86_64-rpms
    size: 81879
    checksum: sha256:eb3bc7d14686f46d34d48896472728f17f52eb2b57f8338082bac3f7275efb1d
    name: libmpc
    evr: 1.4.1-2.hum1
    sourcerpm: libmpc-1.4.1-2.hum1.src.rpm
  - url: https://console.redhat.com/api/pulp-content/public-hummingbird/aarch64/Packages/l/libpkgconf-2.5.1-2.hum1.aarch64.rpm
    repoid: public-hummingbird-x86_64-rpms
    size: 47938
    checksum: sha256:9313fb111115f207e8eaa1286b0cf13264abe39f9736984b213873b19c2e8e00
    name: libpkgconf
    evr: 2.5.1-2.hum1
    sourcerpm: pkgconf-2.5.1-2.hum1.src.rpm
  - url: https://console.redhat.com/api/pulp-content/public-hummingbird/aarch64/Packages/l/libssh2-1.11.1-10.4.hum1.aarch64.rpm
    repoid: public-hummingbird-x86_64-rpms
    size: 149635
    checksum: sha256:adbfff0e760cb3e96482edaa35d36a051b4e35800b7877988196182ebd58e296
    name: libssh2
    evr: 1.11.1-10.4.hum1
    sourcerpm: libssh2-1.11.1-10.4.hum1.src.rpm
  - url: https://console.redhat.com/api/pulp-content/public-hummingbird/aarch64/Packages/l/libstdc++-16.2.1-3.1.hum1.aarch64.rpm
    repoid: public-hummingbird-x86_64-rpms
    size: 950242
    checksum: sha256:ef4db16fa7daf47c73673defe6d0413c439430c46bc7f41d1f684425092a7d5c
    name: libstdc++
    evr: 16.2.1-3.1.hum1
    sourcerpm: gcc-16.2.1-3.1.hum1.src.rpm
  - url: https://console.redhat.com/api/pulp-content/public-hummingbird/aarch64/Packages/l/libstdc++-devel-16.2.1-3.1.hum1.aarch64.rpm
    repoid: public-hummingbird-x86_64-rpms
    size: 6157274
    checksum: sha256:4de78e23be72f0d32d99b67ed9813857a027394a9d4d176e9f87a54136f2fe19
    name: libstdc++-devel
    evr: 16.2.1-3.1.hum1
    sourcerpm: gcc-16.2.1-3.1.hum1.src.rpm
  - url: https://console.redhat.com/api/pulp-content/public-hummingbird/aarch64/Packages/l/libubsan-16.2.1-3.1.hum1.aarch64.rpm
    repoid: public-hummingbird-x86_64-rpms
    size: 239856
    checksum: sha256:1f2e4ed30d9b108bed4c13ab128cf6e920c3919530834a7b205b29f8f2fb30d4
    name: libubsan
    evr: 16.2.1-3.1.hum1
    sourcerpm: gcc-16.2.1-3.1.hum1.src.rpm
  - url: https://console.redhat.com/api/pulp-content/public-hummingbird/aarch64/Packages/l/libxcrypt-devel-4.5.2-4.1.hum1.aarch64.rpm
    repoid: public-hummingbird-x86_64-rpms
    size: 37946
    checksum: sha256:ba449c0f621f4b73b952ffaa8ea9da2844ef6d1705401f08d3eeec3ff3acb628
    name: libxcrypt-devel
    evr: 4.5.2-4.1.hum1
    sourcerpm: libxcrypt-4.5.2-4.1.hum1.src.rpm
  - url: https://console.redhat.com/api/pulp-content/public-hummingbird/aarch64/Packages/l/llhttp-9.4.2-2.hum1.aarch64.rpm
    repoid: public-hummingbird-x86_64-rpms
    size: 43620
    checksum: sha256:dcc4e0455536e8a45f026a2db8da106258e20083432828f345d16b30b1f5e975
    name: llhttp
    evr: 9.4.2-2.hum1
    sourcerpm: llhttp-9.4.2-2.hum1.src.rpm
  - url: https://console.redhat.com/api/pulp-content/public-hummingbird/aarch64/Packages/l/llvm-filesystem-22.1.8-5.hum1.aarch64.rpm
    repoid: public-hummingbird-x86_64-rpms
    size: 13784
    checksum: sha256:8c32f297ef08853bcbf1e052c369d0b7f5fe98a58907d9f9c9342678cfaa2a62
    name: llvm-filesystem
    evr: 22.1.8-5.hum1
    sourcerpm: llvm-22.1.8-5.hum1.src.rpm
  - url: https://console.redhat.com/api/pulp-content/public-hummingbird/aarch64/Packages/l/llvm-libs-22.1.8-5.hum1.aarch64.rpm
    repoid: public-hummingbird-x86_64-rpms
    size: 34353078
    checksum: sha256:8ea609143ae05d69ad056c6de3c5e3d79a9b6acf7f8e617c123a6171e9e6b0a5
    name: llvm-libs
    evr: 22.1.8-5.hum1
    sourcerpm: llvm-22.1.8-5.hum1.src.rpm
  - url: https://console.redhat.com/api/pulp-content/public-hummingbird/aarch64/Packages/m/make-4.4.1-13.hum1.aarch64.rpm
    repoid: public-hummingbird-x86_64-rpms
    size: 604299
    checksum: sha256:305b15ab2c4f85b1f53c8b0e59051bd08acada6da8a666392a39b887a5a80755
    name: make
    evr: 1:4.4.1-13.hum1
    sourcerpm: make-4.4.1-13.hum1.src.rpm
  - url: https://console.redhat.com/api/pulp-content/public-hummingbird/aarch64/Packages/m/mpfr-4.2.2-4.hum1.aarch64.rpm
    repoid: public-hummingbird-x86_64-rpms
    size: 333334
    checksum: sha256:e783dc5b43dd57d6bff4bdbb629bab8984d1d84bbcacb703c5f538cc6999c0c9
    name: mpfr
    evr: 4.2.2-4.hum1
    sourcerpm: mpfr-4.2.2-4.hum1.src.rpm
  - url: https://console.redhat.com/api/pulp-content/public-hummingbird/aarch64/Packages/o/openssl-devel-3.5.9-0.3.hum1.aarch64.rpm
    repoid: public-hummingbird-x86_64-rpms
    size: 4558447
    checksum: sha256:f24f02d18d6277598300906ca2ffd6a0937694a66f6888e00b156efc216eed01
    name: openssl-devel
    evr: 1:3.5.9-0.3.hum1
    sourcerpm: openssl-3.5.9-0.3.hum1.src.rpm
  - url: https://console.redhat.com/api/pulp-content/public-hummingbird/aarch64/Packages/p/pkgconf-2.5.1-2.hum1.aarch64.rpm
    repoid: public-hummingbird-x86_64-rpms
    size: 56874
    checksum: sha256:f5c2122c5272da69c4e50320c7261f3c23d4ca3fef39caa2466e65da03235a9a
    name: pkgconf
    evr: 2.5.1-2.hum1
    sourcerpm: pkgconf-2.5.1-2.hum1.src.rpm
  - url: https://console.redhat.com/api/pulp-content/public-hummingbird/aarch64/Packages/p/pkgconf-m4-2.5.1-2.hum1.noarch.rpm
    repoid: public-hummingbird-x86_64-rpms
    size: 20407
    checksum: sha256:cd5b6336666a146e5a0069930953ab87cbbc5a8eae535aa4812322374df5bf27
    name: pkgconf-m4
    evr: 2.5.1-2.hum1
    sourcerpm: pkgconf-2.5.1-2.hum1.src.rpm
  - url: https://console.redhat.com/api/pulp-content/public-hummingbird/aarch64/Packages/p/pkgconf-pkg-config-2.5.1-2.hum1.aarch64.rpm
    repoid: public-hummingbird-x86_64-rpms
    size: 15983
    checksum: sha256:85888b35626a1eef628da1214f2c028399ee97860c305c546540ae8ae5f3f303
    name: pkgconf-pkg-config
    evr: 2.5.1-2.hum1
    sourcerpm: pkgconf-2.5.1-2.hum1.src.rpm
  - url: https://console.redhat.com/api/pulp-content/public-hummingbird/aarch64/Packages/p/python3.12-devel-3.12.15-1.hum1.aarch64.rpm
    repoid: public-hummingbird-x86_64-rpms
    size: 338409
    checksum: sha256:f81a3b72f18fa2e97bc03080f32e68816633b2faf8bcddc1510cc24c3c8d6c18
    name: python3.12-devel
    evr: 3.12.15-1.hum1
    sourcerpm: python3.12-3.12.15-1.hum1.src.rpm
  - url: https://console.redhat.com/api/pulp-content/public-hummingbird/aarch64/Packages/r/rust-1.99.0-0.1.hum1.aarch64.rpm
    repoid: public-hummingbird-x86_64-rpms
    size: 30416673
    checksum: sha256:3b82f393ae5c62e7739de25c67ee191e6ca23cf85247066618a3195cb284b3c3
    name: rust
    evr: 1.99.0-0.1.hum1
    sourcerpm: rust-1.99.0-0.1.hum1.src.rpm
  - url: https://console.redhat.com/api/pulp-content/public-hummingbird/aarch64/Packages/r/rust-std-static-1.99.0-0.1.hum1.aarch64.rpm
    repoid: public-hummingbird-x86_64-rpms
    size: 43016528
    checksum: sha256:9fbfded753d49b4098fd59d7eaf1717e35171011cb7114ff6f7242c22b5c0b91
    name: rust-std-static
    evr: 1.99.0-0.1.hum1
    sourcerpm: rust-1.99.0-0.1.hum1.src.rpm
  source: []
  module_metadata: []
- arch: x86_64
  packages:
  - url: https://console.redhat.com/api/pulp-content/public-hummingbird/x86_64/Packages/b/binutils-2.46.1-1.2.hum1.x86_64.rpm
    repoid: public-hummingbird-x86_64-rpms
    size: 6513240
    checksum: sha256:8fba949e975bb0499a5f78bf3858fef302d4238fab9dde1540454131af3e2842
    name: binutils
    evr: 2.46.1-1.2.hum1
    sourcerpm: binutils-2.46.1-1.2.hum1.src.rpm
  - url: https://console.redhat.com/api/pulp-content/public-hummingbird/x86_64/Packages/c/cargo-1.99.0-0.1.hum1.x86_64.rpm
    repoid: public-hummingbird-x86_64-rpms
    size: 8279480
    checksum: sha256:31f9e42ec9a295b9631b2813af27b6093b6170a9ac0ee678e75f941c5c255ed7
    name: cargo
    evr: 1.99.0-0.1.hum1
    sourcerpm: rust-1.99.0-0.1.hum1.src.rpm
  - url: https://console.redhat.com/api/pulp-content/public-hummingbird/x86_64/Packages/c/cpp-16.2.1-3.1.hum1.x86_64.rpm
    repoid: public-hummingbird-x86_64-rpms
    size: 15372578
    checksum: sha256:b6407e196c167d467d18016650e347adbcf0760f9c8ba3b561bd4f53bb14de67
    name: cpp
    evr: 16.2.1-3.1.hum1
    sourcerpm: gcc-16.2.1-3.1.hum1.src.rpm
  - url: https://console.redhat.com/api/pulp-content/public-hummingbird/x86_64/Packages/e/elfutils-debuginfod-client-0.196-1.1.1.hum1.x86_64.rpm
    repoid: public-hummingbird-x86_64-rpms
    size: 55093
    checksum: sha256:9f30e03e1fc7ed47fd40c2fbc7d462dffd7ab98c5be713d94b249c1167c7ac99
    name: elfutils-debuginfod-client
    evr: 0.196-1.1.1.hum1
    sourcerpm: elfutils-0.196-1.1.1.hum1.src.rpm
  - url: https://console.redhat.com/api/pulp-content/public-hummingbird/x86_64/Packages/e/elfutils-libelf-0.196-1.1.1.hum1.x86_64.rpm
    repoid: public-hummingbird-x86_64-rpms
    size: 251439
    checksum: sha256:c95f08efe1a8fec6f9f1e79bdcd25b1b68c9386f88da0106ce5bbec36e55837b
    name: elfutils-libelf
    evr: 0.196-1.1.1.hum1
    sourcerpm: elfutils-0.196-1.1.1.hum1.src.rpm
  - url: https://console.redhat.com/api/pulp-content/public-hummingbird/x86_64/Packages/e/elfutils-libs-0.196-1.1.1.hum1.x86_64.rpm
    repoid: public-hummingbird-x86_64-rpms
    size: 298388
    checksum: sha256:919e0c44b9cc745b898e1a430a0e99df7bb4661f9620b91691c89abdff6c9146
    name: elfutils-libs
    evr: 0.196-1.1.1.hum1
    sourcerpm: elfutils-0.196-1.1.1.hum1.src.rpm
  - url: https://console.redhat.com/api/pulp-content/public-hummingbird/x86_64/Packages/g/gcc-16.2.1-3.1.hum1.x86_64.rpm
    repoid: public-hummingbird-x86_64-rpms
    size: 45513990
    checksum: sha256:d634625828fc2166099875b87194f424c4e29a8c7f068ebf8ea7dae749ff7826
    name: gcc
    evr: 16.2.1-3.1.hum1
    sourcerpm: gcc-16.2.1-3.1.hum1.src.rpm
  - url: https://console.redhat.com/api/pulp-content/public-hummingbird/x86_64/Packages/g/gcc-c++-16.2.1-3.1.hum1.x86_64.rpm
    repoid: public-hummingbird-x86_64-rpms
    size: 18229904
    checksum: sha256:956b87e88b79f52eb579a035f5c246c8ead87bfc1ff306ce258f56e965bd12fb
    name: gcc-c++
    evr: 16.2.1-3.1.hum1
    sourcerpm: gcc-16.2.1-3.1.hum1.src.rpm
  - url: https://console.redhat.com/api/pulp-content/public-hummingbird/x86_64/Packages/g/glibc-devel-2.43-9.2.hum1.x86_64.rpm
    repoid: public-hummingbird-x86_64-rpms
    size: 675534
    checksum: sha256:6238472290dcd2d2f47df5d077efaf4330fa8aa3b424045ef10f202d56eb6a42
    name: glibc-devel
    evr: 2.43-9.2.hum1
    sourcerpm: glibc-2.43-9.2.hum1.src.rpm
  - url: https://console.redhat.com/api/pulp-content/public-hummingbird/x86_64/Packages/g/gmp-6.3.0-6.1.hum1.x86_64.rpm
    repoid: public-hummingbird-x86_64-rpms
    size: 336393
    checksum: sha256:f99e0ed90a30d404e1329d1c6501f935bd1ff9f64567a227bb9fe196faec6f8e
    name: gmp
    evr: 1:6.3.0-6.1.hum1
    sourcerpm: gmp-6.3.0-6.1.hum1.src.rpm
  - url: https://console.redhat.com/api/pulp-content/public-hummingbird/x86_64/Packages/j/jansson-2.14-5.hum1.x86_64.rpm
    repoid: public-hummingbird-x86_64-rpms
    size: 54378
    checksum: sha256:26340691580468685523c4d920441aef3c6b795232d6188fc5dacf665c44d84e
    name: jansson
    evr: 2.14-5.hum1
    sourcerpm: jansson-2.14-5.hum1.src.rpm
  - url: https://console.redhat.com/api/pulp-content/public-hummingbird/x86_64/Packages/k/kernel-headers-7.2.0-61.hum1.x86_64.rpm
    repoid: public-hummingbird-x86_64-rpms
    size: 1908964
    checksum: sha256:e23b73199617067df2408a5046f549d42bf42d7ebea5c97987fa15ce0ffbb854
    name: kernel-headers
    evr: 7.2.0-61.hum1
    sourcerpm: kernel-headers-7.2.0-61.hum1.src.rpm
  - url: https://console.redhat.com/api/pulp-content/public-hummingbird/x86_64/Packages/l/libatomic-16.2.1-3.1.hum1.x86_64.rpm
    repoid: public-hummingbird-x86_64-rpms
    size: 63058
    checksum: sha256:295d4980cf7bd84c14937f60d42b635610949acf0f52c84211c825ff3bc70824
    name: libatomic
    evr: 16.2.1-3.1.hum1
    sourcerpm: gcc-16.2.1-3.1.hum1.src.rpm
  - url: https://console.redhat.com/api/pulp-content/public-hummingbird/x86_64/Packages/l/libedit-3.1-60.20260512cvs.hum1.x86_64.rpm
    repoid: public-hummingbird-x86_64-rpms
    size: 119199
    checksum: sha256:90c026ce92eb6cb19808ef8e8f3a4a98f4b91778d905cfa28eb17a115ad2bd2f
    name: libedit
    evr: 3.1-60.20260512cvs.hum1
    sourcerpm: libedit-3.1-60.20260512cvs.hum1.src.rpm
  - url: https://console.redhat.com/api/pulp-content/public-hummingbird/x86_64/Packages/l/libffi-devel-3.8.0-1.1.hum1.x86_64.rpm
    repoid: public-hummingbird-x86_64-rpms
    size: 39705
    checksum: sha256:f33dfca7eff35246cd1f27bd24bccadf5b3238a46314e93e47feef66cb610d6c
    name: libffi-devel
    evr: 3.8.0-1.1.hum1
    sourcerpm: libffi-3.8.0-1.1.hum1.src.rpm
  - url: https://console.redhat.com/api/pulp-content/public-hummingbird/x86_64/Packages/l/libgcc-16.2.1-3.1.hum1.x86_64.rpm
    repoid: public-hummingbird-x86_64-rpms
    size: 145964
    checksum: sha256:4bf8e865965d2c8451a0925f29ad1dee062c4c174ee6a8220f5f8a9ad23d8e23
    name: libgcc
    evr: 16.2.1-3.1.hum1
    sourcerpm: gcc-16.2.1-3.1.hum1.src.rpm
  - url: https://console.redhat.com/api/pulp-content/public-hummingbird/x86_64/Packages/l/libgit2_1.9-1.9.7-3.hum1.x86_64.rpm
    repoid: public-hummingbird-x86_64-rpms
    size: 633591
    checksum: sha256:b9bbcb0df50d13e4084d92ec59a68e14d2cd5df9d0cb8ebdb07bf14b22b3f582
    name: libgit2_1.9
    evr: 1.9.7-3.hum1
    sourcerpm: libgit2_1.9-1.9.7-3.hum1.src.rpm
  - url: https://console.redhat.com/api/pulp-content/public-hummingbird/x86_64/Packages/l/libgomp-16.2.1-3.1.hum1.x86_64.rpm
    repoid: public-hummingbird-x86_64-rpms
    size: 413557
    checksum: sha256:331708b0acff06a33f9974a91c576c7730b88698661b01b5af11f1a232206a95
    name: libgomp
    evr: 16.2.1-3.1.hum1
    sourcerpm: gcc-16.2.1-3.1.hum1.src.rpm
  - url: https://console.redhat.com/api/pulp-content/public-hummingbird/x86_64/Packages/l/libmpc-1.4.1-2.hum1.x86_64.rpm
    repoid: public-hummingbird-x86_64-rpms
    size: 83759
    checksum: sha256:e2ec96e34d3588440a617a31fe025470da4c563cab9016294a7750243a985905
    name: libmpc
    evr: 1.4.1-2.hum1
    sourcerpm: libmpc-1.4.1-2.hum1.src.rpm
  - url: https://console.redhat.com/api/pulp-content/public-hummingbird/x86_64/Packages/l/libpkgconf-2.5.1-2.hum1.x86_64.rpm
    repoid: public-hummingbird-x86_64-rpms
    size: 50006
    checksum: sha256:ca91a2516e3d57ce21f43e341c2a0835b0dafac75a240b94ef2982cd76ac6515
    name: libpkgconf
    evr: 2.5.1-2.hum1
    sourcerpm: pkgconf-2.5.1-2.hum1.src.rpm
  - url: https://console.redhat.com/api/pulp-content/public-hummingbird/x86_64/Packages/l/libssh2-1.11.1-10.4.hum1.x86_64.rpm
    repoid: public-hummingbird-x86_64-rpms
    size: 159429
    checksum: sha256:2d1cc0f9707eecef6c8c84e227115689e90dda3b6d547bf01ab3679da14af534
    name: libssh2
    evr: 1.11.1-10.4.hum1
    sourcerpm: libssh2-1.11.1-10.4.hum1.src.rpm
  - url: https://console.redhat.com/api/pulp-content/public-hummingbird/x86_64/Packages/l/libstdc++-16.2.1-3.1.hum1.x86_64.rpm
    repoid: public-hummingbird-x86_64-rpms
    size: 1059149
    checksum: sha256:c78098a5ff411ee128229dbf1929fa9e1cb5d1c1c6be23e919afa26b36109fd0
    name: libstdc++
    evr: 16.2.1-3.1.hum1
    sourcerpm: gcc-16.2.1-3.1.hum1.src.rpm
  - url: https://console.redhat.com/api/pulp-content/public-hummingbird/x86_64/Packages/l/libstdc++-devel-16.2.1-3.1.hum1.x86_64.rpm
    repoid: public-hummingbird-x86_64-rpms
    size: 6339730
    checksum: sha256:1a7e5f9cd0c33eeb99bf09275154f5175619308965f0f307e9fbd830cb409cfb
    name: libstdc++-devel
    evr: 16.2.1-3.1.hum1
    sourcerpm: gcc-16.2.1-3.1.hum1.src.rpm
  - url: https://console.redhat.com/api/pulp-content/public-hummingbird/x86_64/Packages/l/libxcrypt-devel-4.5.2-4.1.hum1.x86_64.rpm
    repoid: public-hummingbird-x86_64-rpms
    size: 37982
    checksum: sha256:a961da750cdfc3bec2f20def36e5054f40910c87cde991379a1962fd82f7aaf5
    name: libxcrypt-devel
    evr: 4.5.2-4.1.hum1
    sourcerpm: libxcrypt-4.5.2-4.1.hum1.src.rpm
  - url: https://console.redhat.com/api/pulp-content/public-hummingbird/x86_64/Packages/l/llhttp-9.4.2-2.hum1.x86_64.rpm
    repoid: public-hummingbird-x86_64-rpms
    size: 43692
    checksum: sha256:fee0f76823a7117514367e61a6924597aa35dba07bde01cb2d9ad9317c3a9a80
    name: llhttp
    evr: 9.4.2-2.hum1
    sourcerpm: llhttp-9.4.2-2.hum1.src.rpm
  - url: https://console.redhat.com/api/pulp-content/public-hummingbird/x86_64/Packages/l/llvm-filesystem-22.1.8-5.hum1.x86_64.rpm
    repoid: public-hummingbird-x86_64-rpms
    size: 13816
    checksum: sha256:33f2307e988b1e2298ca838f5e2ddd62d80cc107af7f9c02fb6e720411998784
    name: llvm-filesystem
    evr: 22.1.8-5.hum1
    sourcerpm: llvm-22.1.8-5.hum1.src.rpm
  - url: https://console.redhat.com/api/pulp-content/public-hummingbird/x86_64/Packages/l/llvm-libs-22.1.8-5.hum1.x86_64.rpm
    repoid: public-hummingbird-x86_64-rpms
    size: 35750198
    checksum: sha256:15ae2e689676ca6b5807e375a06df153d62c0f9b9d576eda93476e6a0286f758
    name: llvm-libs
    evr: 22.1.8-5.hum1
    sourcerpm: llvm-22.1.8-5.hum1.src.rpm
  - url: https://console.redhat.com/api/pulp-content/public-hummingbird/x86_64/Packages/m/make-4.4.1-13.hum1.x86_64.rpm
    repoid: public-hummingbird-x86_64-rpms
    size: 609197
    checksum: sha256:82f3b675866f7233abf6acd494cc70b1d4d2f5d64ea87afd2554250380bb34c5
    name: make
    evr: 1:4.4.1-13.hum1
    sourcerpm: make-4.4.1-13.hum1.src.rpm
  - url: https://console.redhat.com/api/pulp-content/public-hummingbird/x86_64/Packages/m/mpfr-4.2.2-4.hum1.x86_64.rpm
    repoid: public-hummingbird-x86_64-rpms
    size: 372576
    checksum: sha256:9ca009c75ccc79071af834efbe1209471756cafc67eeca2e0ff061d7e7dd2b0f
    name: mpfr
    evr: 4.2.2-4.hum1
    sourcerpm: mpfr-4.2.2-4.hum1.src.rpm
  - url: https://console.redhat.com/api/pulp-content/public-hummingbird/x86_64/Packages/o/openssl-devel-3.5.9-0.3.hum1.x86_64.rpm
    repoid: public-hummingbird-x86_64-rpms
    size: 4559208
    checksum: sha256:62fe740f97f47b0ebe61d5b9bf82f32ecb251b359ecff73fe2da4550be785516
    name: openssl-devel
    evr: 1:3.5.9-0.3.hum1
    sourcerpm: openssl-3.5.9-0.3.hum1.src.rpm
  - url: https://console.redhat.com/api/pulp-content/public-hummingbird/x86_64/Packages/p/pkgconf-2.5.1-2.hum1.x86_64.rpm
    repoid: public-hummingbird-x86_64-rpms
    size: 57411
    checksum: sha256:e142bc1a6a7c5d8151ef939f78d00d9d1a9abe1f5b746d1565afb2038d97a740
    name: pkgconf
    evr: 2.5.1-2.hum1
    sourcerpm: pkgconf-2.5.1-2.hum1.src.rpm
  - url: https://console.redhat.com/api/pulp-content/public-hummingbird/x86_64/Packages/p/pkgconf-m4-2.5.1-2.hum1.noarch.rpm
    repoid: public-hummingbird-x86_64-rpms
    size: 20407
    checksum: sha256:cd5b6336666a146e5a0069930953ab87cbbc5a8eae535aa4812322374df5bf27
    name: pkgconf-m4
    evr: 2.5.1-2.hum1
    sourcerpm: pkgconf-2.5.1-2.hum1.src.rpm
  - url: https://console.redhat.com/api/pulp-content/public-hummingbird/x86_64/Packages/p/pkgconf-pkg-config-2.5.1-2.hum1.x86_64.rpm
    repoid: public-hummingbird-x86_64-rpms
    size: 16014
    checksum: sha256:2b345564b7428018d12a5cc7e65e70f17d0a3cb2aaf5478ee03e5c9cd68f7c68
    name: pkgconf-pkg-config
    evr: 2.5.1-2.hum1
    sourcerpm: pkgconf-2.5.1-2.hum1.src.rpm
  - url: https://console.redhat.com/api/pulp-content/public-hummingbird/x86_64/Packages/p/python3.12-devel-3.12.15-1.hum1.x86_64.rpm
    repoid: public-hummingbird-x86_64-rpms
    size: 338541
    checksum: sha256:f38683e98e0b00ebc30ae1b6dd63b3151a9be5ecb2349770b2709b3a39009b7f
    name: python3.12-devel
    evr: 3.12.15-1.hum1
    sourcerpm: python3.12-3.12.15-1.hum1.src.rpm
  - url: https://console.redhat.com/api/pulp-content/public-hummingbird/x86_64/Packages/r/rust-1.99.0-0.1.hum1.x86_64.rpm
    repoid: public-hummingbird-x86_64-rpms
    size: 32484954
    checksum: sha256:0751990ed94ea16725f7b40de78cc4f632e45136e92127193fb7602d1a73b9f4
    name: rust
    evr: 1.99.0-0.1.hum1
    sourcerpm: rust-1.99.0-0.1.hum1.src.rpm
  - url: https://console.redhat.com/api/pulp-content/public-hummingbird/x86_64/Packages/r/rust-std-static-1.99.0-0.1.hum1.x86_64.rpm
    repoid: public-hummingbird-x86_64-rpms
    size: 42752340
    checksum: sha256:3ddbee208cda1c2013ac7fb54bc5a7bd8f27b28a4ddf1c6c0bdede620817d198
    name: rust-std-static
    evr: 1.99.0-0.1.hum1
    sourcerpm: rust-1.99.0-0.1.hum1.src.rpm
  source: []
  module_metadata: []
